// !$*UTF8*$!
{
	archiveVersion = 1;
	classes = {
	};
	objectVersion = 46;
	objects = {

/* Begin PBXBuildFile section */
		8AD31A8ED4BE4362183F13A7 /* Pods.framework in Frameworks */ = {isa = PBXBuildFile; fileRef = D15622EB2A83307462D1086A /* Pods.framework */; settings = {ATTRIBUTES = (Weak, ); }; };
		E90684AC1A589F0700728D0B /* VCardSourceCell.swift in Sources */ = {isa = PBXBuildFile; fileRef = E90684AB1A589F0700728D0B /* VCardSourceCell.swift */; };
		E90684B11A58B17900728D0B /* DictionaryConvertible.swift in Sources */ = {isa = PBXBuildFile; fileRef = E90684B01A58B17900728D0B /* DictionaryConvertible.swift */; };
		E907C6A91A6B382700612C90 /* MiniFutureExtension.swift in Sources */ = {isa = PBXBuildFile; fileRef = E907C6A81A6B382700612C90 /* MiniFutureExtension.swift */; };
		E90AB3B01A64795B002A3A51 /* TextFieldValidator.swift in Sources */ = {isa = PBXBuildFile; fileRef = E90AB3AF1A64795B002A3A51 /* TextFieldValidator.swift */; };
		E910BEB31A6BE6B4008EF26F /* QueueExecutionTests.swift in Sources */ = {isa = PBXBuildFile; fileRef = E910BEB21A6BE6B4008EF26F /* QueueExecutionTests.swift */; };
		E910BEB41A6BE706008EF26F /* QueueExecution.swift in Sources */ = {isa = PBXBuildFile; fileRef = E969253F1A4F7CF000B6427A /* QueueExecution.swift */; };
		E9198D791A6B16950000A767 /* ProxyTextFieldDelegate.swift in Sources */ = {isa = PBXBuildFile; fileRef = E9198D781A6B16950000A767 /* ProxyTextFieldDelegate.swift */; };
		E91E62011A6B082F00543A40 /* Config.swift in Sources */ = {isa = PBXBuildFile; fileRef = E9F9D85F1A361C1B0054DCB8 /* Config.swift */; };
		E927AD4C1AA305BD00C5CA27 /* MiniFutureExtension.swift in Sources */ = {isa = PBXBuildFile; fileRef = E907C6A81A6B382700612C90 /* MiniFutureExtension.swift */; };
		E927D3F41A5A064400E8DEE6 /* JSONSerialization.swift in Sources */ = {isa = PBXBuildFile; fileRef = E927D3F31A5A064400E8DEE6 /* JSONSerialization.swift */; };
		E947E1591A4F87A200513F77 /* Files.swift in Sources */ = {isa = PBXBuildFile; fileRef = E947E1581A4F87A200513F77 /* Files.swift */; };
		E94897401A473E0D004BA838 /* RecordName.swift in Sources */ = {isa = PBXBuildFile; fileRef = E948973F1A473E0D004BA838 /* RecordName.swift */; };
		E94897411A47448C004BA838 /* RecordName.swift in Sources */ = {isa = PBXBuildFile; fileRef = E948973F1A473E0D004BA838 /* RecordName.swift */; };
		E94C0D661A7442E40005C472 /* KeychainItemWrapper.m in Sources */ = {isa = PBXBuildFile; fileRef = E94C0D651A7442E40005C472 /* KeychainItemWrapper.m */; };
		E95E95AD19F4380F002D864B /* VCardSourceDetailViewController.swift in Sources */ = {isa = PBXBuildFile; fileRef = E95E95AC19F4380F002D864B /* VCardSourceDetailViewController.swift */; };
		E95E95AF19F43862002D864B /* VCardSourceDetailView.xib in Resources */ = {isa = PBXBuildFile; fileRef = E95E95AE19F43862002D864B /* VCardSourceDetailView.xib */; };
		E965C1B11A9D22750013759D /* amelie-alpha-3x.vcf in Resources */ = {isa = PBXBuildFile; fileRef = E965C1B01A9D22750013759D /* amelie-alpha-3x.vcf */; };
		E96925401A4F7CF000B6427A /* QueueExecution.swift in Sources */ = {isa = PBXBuildFile; fileRef = E969253F1A4F7CF000B6427A /* QueueExecution.swift */; };
		E975804A1A75FE26008A70E9 /* VCardImportProgressTests.swift in Sources */ = {isa = PBXBuildFile; fileRef = E97580491A75FE26008A70E9 /* VCardImportProgressTests.swift */; };
		E975804B1A75FE94008A70E9 /* VCardImportProgress.swift in Sources */ = {isa = PBXBuildFile; fileRef = E9F5E8B01A7568A000400291 /* VCardImportProgress.swift */; };
		E97B6C0B1A34A1F100B4D3E6 /* VCardSourceStore.swift in Sources */ = {isa = PBXBuildFile; fileRef = E97B6C0A1A34A1F100B4D3E6 /* VCardSourceStore.swift */; };
		E97B6C0D1A34A3F900B4D3E6 /* VCardSource.swift in Sources */ = {isa = PBXBuildFile; fileRef = E97B6C0C1A34A3F900B4D3E6 /* VCardSource.swift */; };
		E97D05C91A96806500740659 /* AddressBook.swift in Sources */ = {isa = PBXBuildFile; fileRef = E97D05C81A96806500740659 /* AddressBook.swift */; };
		E97DE1841A0EC80D005FAB7D /* VCardImporter.swift in Sources */ = {isa = PBXBuildFile; fileRef = E97DE1831A0EC80D005FAB7D /* VCardImporter.swift */; };
		E97F0C371A86C644005C9B0B /* RecordNameTests.swift in Sources */ = {isa = PBXBuildFile; fileRef = E97F0C361A86C644005C9B0B /* RecordNameTests.swift */; };
		E9828EA71A99DFA100757D18 /* VCardImporterTests.swift in Sources */ = {isa = PBXBuildFile; fileRef = E9828EA61A99DFA100757D18 /* VCardImporterTests.swift */; };
		E9828EAA1A99E27C00757D18 /* VCardImporter.swift in Sources */ = {isa = PBXBuildFile; fileRef = E97DE1831A0EC80D005FAB7D /* VCardImporter.swift */; };
		E9828EAB1A99E2B700757D18 /* VCardSource.swift in Sources */ = {isa = PBXBuildFile; fileRef = E97B6C0C1A34A3F900B4D3E6 /* VCardSource.swift */; };
		E9828EAE1A99E67C00757D18 /* URLConnectable.swift in Sources */ = {isa = PBXBuildFile; fileRef = E9828EAD1A99E67C00757D18 /* URLConnectable.swift */; };
		E9828EB11A99E73600757D18 /* Request.swift in Sources */ = {isa = PBXBuildFile; fileRef = E9828EB01A99E73600757D18 /* Request.swift */; };
		E9828EB31A99F10E00757D18 /* AddressBook.swift in Sources */ = {isa = PBXBuildFile; fileRef = E97D05C81A96806500740659 /* AddressBook.swift */; };
		E9828EB41A99F12800757D18 /* Request.swift in Sources */ = {isa = PBXBuildFile; fileRef = E9828EB01A99E73600757D18 /* Request.swift */; };
		E9828EB51A99F12B00757D18 /* URLConnectable.swift in Sources */ = {isa = PBXBuildFile; fileRef = E9828EAD1A99E67C00757D18 /* URLConnectable.swift */; };
		E9828EB91A9A6B1100757D18 /* amelie-alpha.vcf in Resources */ = {isa = PBXBuildFile; fileRef = E9828EB81A9A6B1100757D18 /* amelie-alpha.vcf */; };
		E9828EBB1A9A6DDD00757D18 /* AddressBookExtension.swift in Sources */ = {isa = PBXBuildFile; fileRef = E9828EBA1A9A6DDD00757D18 /* AddressBookExtension.swift */; };
		E983F1D819E9C76F00219305 /* AppDelegate.swift in Sources */ = {isa = PBXBuildFile; fileRef = E983F1D719E9C76F00219305 /* AppDelegate.swift */; };
		E983F1DA19E9C76F00219305 /* VCardSourcesViewController.swift in Sources */ = {isa = PBXBuildFile; fileRef = E983F1D919E9C76F00219305 /* VCardSourcesViewController.swift */; };
		E983F1DF19E9C76F00219305 /* Images.xcassets in Resources */ = {isa = PBXBuildFile; fileRef = E983F1DE19E9C76F00219305 /* Images.xcassets */; };
		E983F1E219E9C76F00219305 /* LaunchScreen.xib in Resources */ = {isa = PBXBuildFile; fileRef = E983F1E019E9C76F00219305 /* LaunchScreen.xib */; };
		E98FD3F41A508B5300A9DB27 /* FilesTests.swift in Sources */ = {isa = PBXBuildFile; fileRef = E98FD3F31A508B5300A9DB27 /* FilesTests.swift */; };
		E98FD3F61A508BB300A9DB27 /* Files.swift in Sources */ = {isa = PBXBuildFile; fileRef = E947E1581A4F87A200513F77 /* Files.swift */; };
		E9916B3A1A3DEAAC00378CC2 /* RecordChangeSet.swift in Sources */ = {isa = PBXBuildFile; fileRef = E9916B391A3DEAAC00378CC2 /* RecordChangeSet.swift */; };
		E996101B1A894B5C00D52ECF /* aa-60.png in Resources */ = {isa = PBXBuildFile; fileRef = E996101A1A894B5C00D52ECF /* aa-60.png */; };
		E996101D1A89524200D52ECF /* bb-60.png in Resources */ = {isa = PBXBuildFile; fileRef = E996101C1A89524200D52ECF /* bb-60.png */; };
		E9AD7D0F1A69EE4100F1B668 /* ModifiedHeaderStampTests.swift in Sources */ = {isa = PBXBuildFile; fileRef = E9AD7D0E1A69EE4100F1B668 /* ModifiedHeaderStampTests.swift */; };
		E9AD7D101A69F4DC00F1B668 /* ModifiedHeaderStamp.swift in Sources */ = {isa = PBXBuildFile; fileRef = E9AF05221A69D4F4003860EF /* ModifiedHeaderStamp.swift */; };
		E9AD7D111A69F7A700F1B668 /* DictionaryConvertible.swift in Sources */ = {isa = PBXBuildFile; fileRef = E90684B01A58B17900728D0B /* DictionaryConvertible.swift */; };
		E9AF05231A69D4F4003860EF /* ModifiedHeaderStamp.swift in Sources */ = {isa = PBXBuildFile; fileRef = E9AF05221A69D4F4003860EF /* ModifiedHeaderStamp.swift */; };
		E9B9B9F41A5BF653004C53CA /* VCardToolbar.swift in Sources */ = {isa = PBXBuildFile; fileRef = E9B9B9F31A5BF653004C53CA /* VCardToolbar.swift */; };
		E9C46E731A4A3C98004BD769 /* URLConnection.swift in Sources */ = {isa = PBXBuildFile; fileRef = E9C46E721A4A3C98004BD769 /* URLConnection.swift */; };
		E9CF04B21A3CE02A00A13EF6 /* CoreExtension.swift in Sources */ = {isa = PBXBuildFile; fileRef = E9CF04B11A3CE02A00A13EF6 /* CoreExtension.swift */; };
		E9CF04B41A3CE14400A13EF6 /* CoreExtensionTests.swift in Sources */ = {isa = PBXBuildFile; fileRef = E9CF04B31A3CE14400A13EF6 /* CoreExtensionTests.swift */; };
		E9CF04B51A3CE40E00A13EF6 /* CoreExtension.swift in Sources */ = {isa = PBXBuildFile; fileRef = E9CF04B11A3CE02A00A13EF6 /* CoreExtension.swift */; };
		E9E9110E1A9BD38A009E357B /* TestRecords.swift in Sources */ = {isa = PBXBuildFile; fileRef = E9E9110D1A9BD38A009E357B /* TestRecords.swift */; };
		E9EB13121A3EB4C2002BC521 /* Records.swift in Sources */ = {isa = PBXBuildFile; fileRef = E9EB13111A3EB4C2002BC521 /* Records.swift */; };
		E9EF164E1A61C9E800CDC1E8 /* InsertionOrderDictionary.swift in Sources */ = {isa = PBXBuildFile; fileRef = E9EF164D1A61C9E800CDC1E8 /* InsertionOrderDictionary.swift */; };
		E9EF16501A61DEB500CDC1E8 /* InsertionOrderDictionaryTests.swift in Sources */ = {isa = PBXBuildFile; fileRef = E9EF164F1A61DEB500CDC1E8 /* InsertionOrderDictionaryTests.swift */; };
		E9EF16511A61DFC400CDC1E8 /* InsertionOrderDictionary.swift in Sources */ = {isa = PBXBuildFile; fileRef = E9EF164D1A61C9E800CDC1E8 /* InsertionOrderDictionary.swift */; };
		E9F2289C1A43819200A10190 /* RecordDifferencesTests.swift in Sources */ = {isa = PBXBuildFile; fileRef = E9F2289B1A43819200A10190 /* RecordDifferencesTests.swift */; };
		E9F2289E1A438A7E00A10190 /* RecordDifferences.swift in Sources */ = {isa = PBXBuildFile; fileRef = E9F2289D1A438A7E00A10190 /* RecordDifferences.swift */; };
		E9F2289F1A43934B00A10190 /* Records.swift in Sources */ = {isa = PBXBuildFile; fileRef = E9EB13111A3EB4C2002BC521 /* Records.swift */; };
		E9F228A01A43934B00A10190 /* RecordChangeSet.swift in Sources */ = {isa = PBXBuildFile; fileRef = E9916B391A3DEAAC00378CC2 /* RecordChangeSet.swift */; };
		E9F228A11A43934B00A10190 /* RecordDifferences.swift in Sources */ = {isa = PBXBuildFile; fileRef = E9F2289D1A438A7E00A10190 /* RecordDifferences.swift */; };
		E9F228A21A43938E00A10190 /* Errors.swift in Sources */ = {isa = PBXBuildFile; fileRef = E9F31E111A0FD2570015509F /* Errors.swift */; };
		E9F31E121A0FD2570015509F /* Errors.swift in Sources */ = {isa = PBXBuildFile; fileRef = E9F31E111A0FD2570015509F /* Errors.swift */; };
		E9F5E8B11A7568A000400291 /* VCardImportProgress.swift in Sources */ = {isa = PBXBuildFile; fileRef = E9F5E8B01A7568A000400291 /* VCardImportProgress.swift */; };
		E9F850351A6EFE6C0051669A /* VCardSourceCell.xib in Resources */ = {isa = PBXBuildFile; fileRef = E9F850341A6EFE6C0051669A /* VCardSourceCell.xib */; };
		E9F9D85C1A360F5F0054DCB8 /* AppContext.swift in Sources */ = {isa = PBXBuildFile; fileRef = E9F9D85B1A360F5F0054DCB8 /* AppContext.swift */; };
		E9F9D85E1A3619060054DCB8 /* VCardSourcesDataSource.swift in Sources */ = {isa = PBXBuildFile; fileRef = E9F9D85D1A3619060054DCB8 /* VCardSourcesDataSource.swift */; };
		E9F9D8601A361C1B0054DCB8 /* Config.swift in Sources */ = {isa = PBXBuildFile; fileRef = E9F9D85F1A361C1B0054DCB8 /* Config.swift */; };
		FE8CF8A46BB7043B6A93B3D7 /* Pods.framework in Frameworks */ = {isa = PBXBuildFile; fileRef = D15622EB2A83307462D1086A /* Pods.framework */; settings = {ATTRIBUTES = (Weak, ); }; };
/* End PBXBuildFile section */

/* Begin PBXContainerItemProxy section */
		E983F1E819E9C76F00219305 /* PBXContainerItemProxy */ = {
			isa = PBXContainerItemProxy;
			containerPortal = E983F1CA19E9C76F00219305 /* Project object */;
			proxyType = 1;
			remoteGlobalIDString = E983F1D119E9C76F00219305;
			remoteInfo = VCardImport;
		};
/* End PBXContainerItemProxy section */

/* Begin PBXCopyFilesBuildPhase section */
		E97E1BF71A4CA335000DA85F /* Copy Frameworks */ = {
			isa = PBXCopyFilesBuildPhase;
			buildActionMask = 2147483647;
			dstPath = "";
			dstSubfolderSpec = 10;
			files = (
			);
			name = "Copy Frameworks";
			runOnlyForDeploymentPostprocessing = 0;
		};
/* End PBXCopyFilesBuildPhase section */

/* Begin PBXFileReference section */
		1FB67E41FDADE55F0C0843B0 /* Pods.release.xcconfig */ = {isa = PBXFileReference; includeInIndex = 1; lastKnownFileType = text.xcconfig; name = Pods.release.xcconfig; path = "../Pods/Target Support Files/Pods/Pods.release.xcconfig"; sourceTree = "<group>"; };
		6E1FE9330B4AD96D644FDB37 /* Pods.debug.xcconfig */ = {isa = PBXFileReference; includeInIndex = 1; lastKnownFileType = text.xcconfig; name = Pods.debug.xcconfig; path = "../Pods/Target Support Files/Pods/Pods.debug.xcconfig"; sourceTree = "<group>"; };
		D15622EB2A83307462D1086A /* Pods.framework */ = {isa = PBXFileReference; explicitFileType = wrapper.framework; includeInIndex = 0; path = Pods.framework; sourceTree = BUILT_PRODUCTS_DIR; };
		E90684AB1A589F0700728D0B /* VCardSourceCell.swift */ = {isa = PBXFileReference; fileEncoding = 4; lastKnownFileType = sourcecode.swift; name = VCardSourceCell.swift; path = UI/VCardSourceCell.swift; sourceTree = "<group>"; };
		E90684B01A58B17900728D0B /* DictionaryConvertible.swift */ = {isa = PBXFileReference; fileEncoding = 4; lastKnownFileType = sourcecode.swift; name = DictionaryConvertible.swift; path = Support/DictionaryConvertible.swift; sourceTree = "<group>"; };
		E907C6A81A6B382700612C90 /* MiniFutureExtension.swift */ = {isa = PBXFileReference; fileEncoding = 4; lastKnownFileType = sourcecode.swift; name = MiniFutureExtension.swift; path = Support/MiniFutureExtension.swift; sourceTree = "<group>"; };
		E90AB3AF1A64795B002A3A51 /* TextFieldValidator.swift */ = {isa = PBXFileReference; fileEncoding = 4; lastKnownFileType = sourcecode.swift; name = TextFieldValidator.swift; path = UI/TextFieldValidator.swift; sourceTree = "<group>"; };
		E910BEB21A6BE6B4008EF26F /* QueueExecutionTests.swift */ = {isa = PBXFileReference; fileEncoding = 4; lastKnownFileType = sourcecode.swift; name = QueueExecutionTests.swift; path = Support/QueueExecutionTests.swift; sourceTree = "<group>"; };
		E9198D781A6B16950000A767 /* ProxyTextFieldDelegate.swift */ = {isa = PBXFileReference; fileEncoding = 4; lastKnownFileType = sourcecode.swift; name = ProxyTextFieldDelegate.swift; path = UI/ProxyTextFieldDelegate.swift; sourceTree = "<group>"; };
		E927D3F31A5A064400E8DEE6 /* JSONSerialization.swift */ = {isa = PBXFileReference; fileEncoding = 4; lastKnownFileType = sourcecode.swift; name = JSONSerialization.swift; path = Support/JSONSerialization.swift; sourceTree = "<group>"; };
		E947E1581A4F87A200513F77 /* Files.swift */ = {isa = PBXFileReference; fileEncoding = 4; lastKnownFileType = sourcecode.swift; name = Files.swift; path = Support/Files.swift; sourceTree = "<group>"; };
		E948973F1A473E0D004BA838 /* RecordName.swift */ = {isa = PBXFileReference; fileEncoding = 4; lastKnownFileType = sourcecode.swift; name = RecordName.swift; path = Record/RecordName.swift; sourceTree = "<group>"; };
		E94C0D631A74428D0005C472 /* KeychainItemWrapper.h */ = {isa = PBXFileReference; lastKnownFileType = sourcecode.c.h; name = KeychainItemWrapper.h; path = Store/KeychainItemWrapper.h; sourceTree = "<group>"; };
		E94C0D641A7442E30005C472 /* Bridging-Header.h */ = {isa = PBXFileReference; lastKnownFileType = sourcecode.c.h; path = "Bridging-Header.h"; sourceTree = "<group>"; };
		E94C0D651A7442E40005C472 /* KeychainItemWrapper.m */ = {isa = PBXFileReference; fileEncoding = 4; lastKnownFileType = sourcecode.c.objc; name = KeychainItemWrapper.m; path = Store/KeychainItemWrapper.m; sourceTree = "<group>"; };
		E95E95AC19F4380F002D864B /* VCardSourceDetailViewController.swift */ = {isa = PBXFileReference; fileEncoding = 4; lastKnownFileType = sourcecode.swift; name = VCardSourceDetailViewController.swift; path = UI/VCardSourceDetailViewController.swift; sourceTree = "<group>"; };
		E95E95AE19F43862002D864B /* VCardSourceDetailView.xib */ = {isa = PBXFileReference; fileEncoding = 4; lastKnownFileType = file.xib; name = VCardSourceDetailView.xib; path = UI/VCardSourceDetailView.xib; sourceTree = "<group>"; };
		E965C1B01A9D22750013759D /* amelie-alpha-3x.vcf */ = {isa = PBXFileReference; fileEncoding = 4; lastKnownFileType = text; path = "amelie-alpha-3x.vcf"; sourceTree = "<group>"; };
		E969253F1A4F7CF000B6427A /* QueueExecution.swift */ = {isa = PBXFileReference; fileEncoding = 4; lastKnownFileType = sourcecode.swift; name = QueueExecution.swift; path = Support/QueueExecution.swift; sourceTree = "<group>"; };
		E97580491A75FE26008A70E9 /* VCardImportProgressTests.swift */ = {isa = PBXFileReference; fileEncoding = 4; lastKnownFileType = sourcecode.swift; name = VCardImportProgressTests.swift; path = Support/VCardImportProgressTests.swift; sourceTree = "<group>"; };
		E97B6C0A1A34A1F100B4D3E6 /* VCardSourceStore.swift */ = {isa = PBXFileReference; fileEncoding = 4; lastKnownFileType = sourcecode.swift; name = VCardSourceStore.swift; path = Store/VCardSourceStore.swift; sourceTree = "<group>"; };
		E97B6C0C1A34A3F900B4D3E6 /* VCardSource.swift */ = {isa = PBXFileReference; fileEncoding = 4; lastKnownFileType = sourcecode.swift; name = VCardSource.swift; path = Domain/VCardSource.swift; sourceTree = "<group>"; };
		E97D05C81A96806500740659 /* AddressBook.swift */ = {isa = PBXFileReference; fileEncoding = 4; lastKnownFileType = sourcecode.swift; name = AddressBook.swift; path = Record/AddressBook.swift; sourceTree = "<group>"; };
		E97DE1831A0EC80D005FAB7D /* VCardImporter.swift */ = {isa = PBXFileReference; fileEncoding = 4; lastKnownFileType = sourcecode.swift; name = VCardImporter.swift; path = Domain/VCardImporter.swift; sourceTree = "<group>"; };
		E97F0C361A86C644005C9B0B /* RecordNameTests.swift */ = {isa = PBXFileReference; fileEncoding = 4; lastKnownFileType = sourcecode.swift; name = RecordNameTests.swift; path = Record/RecordNameTests.swift; sourceTree = "<group>"; };
		E9828EA61A99DFA100757D18 /* VCardImporterTests.swift */ = {isa = PBXFileReference; fileEncoding = 4; lastKnownFileType = sourcecode.swift; name = VCardImporterTests.swift; path = Domain/VCardImporterTests.swift; sourceTree = "<group>"; };
		E9828EAD1A99E67C00757D18 /* URLConnectable.swift */ = {isa = PBXFileReference; fileEncoding = 4; lastKnownFileType = sourcecode.swift; name = URLConnectable.swift; path = Net/URLConnectable.swift; sourceTree = "<group>"; };
		E9828EB01A99E73600757D18 /* Request.swift */ = {isa = PBXFileReference; fileEncoding = 4; lastKnownFileType = sourcecode.swift; name = Request.swift; path = Net/Request.swift; sourceTree = "<group>"; };
		E9828EB81A9A6B1100757D18 /* amelie-alpha.vcf */ = {isa = PBXFileReference; fileEncoding = 4; lastKnownFileType = text; path = "amelie-alpha.vcf"; sourceTree = "<group>"; };
		E9828EBA1A9A6DDD00757D18 /* AddressBookExtension.swift */ = {isa = PBXFileReference; fileEncoding = 4; lastKnownFileType = sourcecode.swift; name = AddressBookExtension.swift; path = Record/AddressBookExtension.swift; sourceTree = "<group>"; };
		E983F1D219E9C76F00219305 /* vCard Turbo.app */ = {isa = PBXFileReference; explicitFileType = wrapper.application; includeInIndex = 0; path = "vCard Turbo.app"; sourceTree = BUILT_PRODUCTS_DIR; };
		E983F1D619E9C76F00219305 /* Info.plist */ = {isa = PBXFileReference; lastKnownFileType = text.plist.xml; path = Info.plist; sourceTree = "<group>"; };
		E983F1D719E9C76F00219305 /* AppDelegate.swift */ = {isa = PBXFileReference; lastKnownFileType = sourcecode.swift; name = AppDelegate.swift; path = UI/AppDelegate.swift; sourceTree = "<group>"; };
		E983F1D919E9C76F00219305 /* VCardSourcesViewController.swift */ = {isa = PBXFileReference; lastKnownFileType = sourcecode.swift; name = VCardSourcesViewController.swift; path = UI/VCardSourcesViewController.swift; sourceTree = "<group>"; };
		E983F1DE19E9C76F00219305 /* Images.xcassets */ = {isa = PBXFileReference; lastKnownFileType = folder.assetcatalog; path = Images.xcassets; sourceTree = "<group>"; };
		E983F1E119E9C76F00219305 /* Base */ = {isa = PBXFileReference; lastKnownFileType = file.xib; name = Base; path = Base.lproj/LaunchScreen.xib; sourceTree = "<group>"; };
		E983F1E719E9C76F00219305 /* Test.xctest */ = {isa = PBXFileReference; explicitFileType = wrapper.cfbundle; includeInIndex = 0; path = Test.xctest; sourceTree = BUILT_PRODUCTS_DIR; };
		E983F1EC19E9C76F00219305 /* Info.plist */ = {isa = PBXFileReference; lastKnownFileType = text.plist.xml; path = Info.plist; sourceTree = "<group>"; };
		E98FD3F31A508B5300A9DB27 /* FilesTests.swift */ = {isa = PBXFileReference; fileEncoding = 4; lastKnownFileType = sourcecode.swift; name = FilesTests.swift; path = Support/FilesTests.swift; sourceTree = "<group>"; };
		E9916B391A3DEAAC00378CC2 /* RecordChangeSet.swift */ = {isa = PBXFileReference; fileEncoding = 4; lastKnownFileType = sourcecode.swift; name = RecordChangeSet.swift; path = Record/RecordChangeSet.swift; sourceTree = "<group>"; };
		E996101A1A894B5C00D52ECF /* aa-60.png */ = {isa = PBXFileReference; lastKnownFileType = image.png; path = "aa-60.png"; sourceTree = "<group>"; };
		E996101C1A89524200D52ECF /* bb-60.png */ = {isa = PBXFileReference; lastKnownFileType = image.png; path = "bb-60.png"; sourceTree = "<group>"; };
		E9AD7D0E1A69EE4100F1B668 /* ModifiedHeaderStampTests.swift */ = {isa = PBXFileReference; fileEncoding = 4; lastKnownFileType = sourcecode.swift; name = ModifiedHeaderStampTests.swift; path = Domain/ModifiedHeaderStampTests.swift; sourceTree = "<group>"; };
		E9AF05221A69D4F4003860EF /* ModifiedHeaderStamp.swift */ = {isa = PBXFileReference; fileEncoding = 4; lastKnownFileType = sourcecode.swift; name = ModifiedHeaderStamp.swift; path = Domain/ModifiedHeaderStamp.swift; sourceTree = "<group>"; };
		E9B9B9F31A5BF653004C53CA /* VCardToolbar.swift */ = {isa = PBXFileReference; fileEncoding = 4; lastKnownFileType = sourcecode.swift; name = VCardToolbar.swift; path = UI/VCardToolbar.swift; sourceTree = "<group>"; };
		E9C46E721A4A3C98004BD769 /* URLConnection.swift */ = {isa = PBXFileReference; fileEncoding = 4; lastKnownFileType = sourcecode.swift; name = URLConnection.swift; path = Net/URLConnection.swift; sourceTree = "<group>"; };
		E9CF04B11A3CE02A00A13EF6 /* CoreExtension.swift */ = {isa = PBXFileReference; fileEncoding = 4; lastKnownFileType = sourcecode.swift; name = CoreExtension.swift; path = Support/CoreExtension.swift; sourceTree = "<group>"; };
		E9CF04B31A3CE14400A13EF6 /* CoreExtensionTests.swift */ = {isa = PBXFileReference; fileEncoding = 4; lastKnownFileType = sourcecode.swift; name = CoreExtensionTests.swift; path = Support/CoreExtensionTests.swift; sourceTree = "<group>"; };
		E9E9110D1A9BD38A009E357B /* TestRecords.swift */ = {isa = PBXFileReference; fileEncoding = 4; lastKnownFileType = sourcecode.swift; name = TestRecords.swift; path = Record/TestRecords.swift; sourceTree = "<group>"; };
		E9EB13111A3EB4C2002BC521 /* Records.swift */ = {isa = PBXFileReference; fileEncoding = 4; lastKnownFileType = sourcecode.swift; name = Records.swift; path = Record/Records.swift; sourceTree = "<group>"; };
		E9EF164D1A61C9E800CDC1E8 /* InsertionOrderDictionary.swift */ = {isa = PBXFileReference; fileEncoding = 4; lastKnownFileType = sourcecode.swift; name = InsertionOrderDictionary.swift; path = Support/InsertionOrderDictionary.swift; sourceTree = "<group>"; };
		E9EF164F1A61DEB500CDC1E8 /* InsertionOrderDictionaryTests.swift */ = {isa = PBXFileReference; fileEncoding = 4; lastKnownFileType = sourcecode.swift; name = InsertionOrderDictionaryTests.swift; path = Support/InsertionOrderDictionaryTests.swift; sourceTree = "<group>"; };
		E9F2289B1A43819200A10190 /* RecordDifferencesTests.swift */ = {isa = PBXFileReference; fileEncoding = 4; lastKnownFileType = sourcecode.swift; name = RecordDifferencesTests.swift; path = Record/RecordDifferencesTests.swift; sourceTree = "<group>"; };
		E9F2289D1A438A7E00A10190 /* RecordDifferences.swift */ = {isa = PBXFileReference; fileEncoding = 4; lastKnownFileType = sourcecode.swift; name = RecordDifferences.swift; path = Record/RecordDifferences.swift; sourceTree = "<group>"; };
		E9F31E111A0FD2570015509F /* Errors.swift */ = {isa = PBXFileReference; fileEncoding = 4; lastKnownFileType = sourcecode.swift; name = Errors.swift; path = Support/Errors.swift; sourceTree = "<group>"; };
		E9F5E8B01A7568A000400291 /* VCardImportProgress.swift */ = {isa = PBXFileReference; fileEncoding = 4; lastKnownFileType = sourcecode.swift; name = VCardImportProgress.swift; path = Support/VCardImportProgress.swift; sourceTree = "<group>"; };
		E9F850341A6EFE6C0051669A /* VCardSourceCell.xib */ = {isa = PBXFileReference; fileEncoding = 4; lastKnownFileType = file.xib; name = VCardSourceCell.xib; path = UI/VCardSourceCell.xib; sourceTree = "<group>"; };
		E9F9D85B1A360F5F0054DCB8 /* AppContext.swift */ = {isa = PBXFileReference; fileEncoding = 4; lastKnownFileType = sourcecode.swift; name = AppContext.swift; path = Support/AppContext.swift; sourceTree = "<group>"; };
		E9F9D85D1A3619060054DCB8 /* VCardSourcesDataSource.swift */ = {isa = PBXFileReference; fileEncoding = 4; lastKnownFileType = sourcecode.swift; name = VCardSourcesDataSource.swift; path = UI/VCardSourcesDataSource.swift; sourceTree = "<group>"; };
		E9F9D85F1A361C1B0054DCB8 /* Config.swift */ = {isa = PBXFileReference; fileEncoding = 4; lastKnownFileType = sourcecode.swift; path = Config.swift; sourceTree = "<group>"; };
/* End PBXFileReference section */

/* Begin PBXFrameworksBuildPhase section */
		E983F1CF19E9C76F00219305 /* Frameworks */ = {
			isa = PBXFrameworksBuildPhase;
			buildActionMask = 2147483647;
			files = (
				FE8CF8A46BB7043B6A93B3D7 /* Pods.framework in Frameworks */,
			);
			runOnlyForDeploymentPostprocessing = 0;
		};
		E983F1E419E9C76F00219305 /* Frameworks */ = {
			isa = PBXFrameworksBuildPhase;
			buildActionMask = 2147483647;
			files = (
				8AD31A8ED4BE4362183F13A7 /* Pods.framework in Frameworks */,
			);
			runOnlyForDeploymentPostprocessing = 0;
		};
/* End PBXFrameworksBuildPhase section */

/* Begin PBXGroup section */
		83DD956D3BE15F797274DE89 /* Pods */ = {
			isa = PBXGroup;
			children = (
				6E1FE9330B4AD96D644FDB37 /* Pods.debug.xcconfig */,
				1FB67E41FDADE55F0C0843B0 /* Pods.release.xcconfig */,
			);
			name = Pods;
			sourceTree = "<group>";
		};
		AA7DD04B510F384E4456E128 /* Frameworks */ = {
			isa = PBXGroup;
			children = (
				D15622EB2A83307462D1086A /* Pods.framework */,
			);
			name = Frameworks;
			sourceTree = "<group>";
		};
		E9828EAC1A99E52100757D18 /* Net */ = {
			isa = PBXGroup;
			children = (
				E9828EB01A99E73600757D18 /* Request.swift */,
				E9828EAD1A99E67C00757D18 /* URLConnectable.swift */,
				E9C46E721A4A3C98004BD769 /* URLConnection.swift */,
			);
			name = Net;
			sourceTree = "<group>";
		};
		E983F1C919E9C76F00219305 = {
			isa = PBXGroup;
			children = (
				E983F1D419E9C76F00219305 /* Source */,
				E983F1EA19E9C76F00219305 /* Test */,
				E983F1D319E9C76F00219305 /* Products */,
				83DD956D3BE15F797274DE89 /* Pods */,
				AA7DD04B510F384E4456E128 /* Frameworks */,
			);
			sourceTree = "<group>";
		};
		E983F1D319E9C76F00219305 /* Products */ = {
			isa = PBXGroup;
			children = (
				E983F1D219E9C76F00219305 /* vCard Turbo.app */,
				E983F1E719E9C76F00219305 /* Test.xctest */,
			);
			name = Products;
			sourceTree = "<group>";
		};
		E983F1D419E9C76F00219305 /* Source */ = {
			isa = PBXGroup;
			children = (
				E9F0D69C1A78BA68002191E9 /* Domain */,
				E9828EAC1A99E52100757D18 /* Net */,
				E9F0D69B1A78B7CB002191E9 /* Record */,
				E9F0D6A01A78BDE3002191E9 /* Store */,
				E9F0D69D1A78BA7A002191E9 /* Support */,
				E9F0D69F1A78BA9F002191E9 /* UI */,
				E94C0D641A7442E30005C472 /* Bridging-Header.h */,
				E9F9D85F1A361C1B0054DCB8 /* Config.swift */,
				E983F1E019E9C76F00219305 /* LaunchScreen.xib */,
				E983F1DE19E9C76F00219305 /* Images.xcassets */,
				E983F1D519E9C76F00219305 /* Supporting Files */,
			);
			path = Source;
			sourceTree = "<group>";
		};
		E983F1D519E9C76F00219305 /* Supporting Files */ = {
			isa = PBXGroup;
			children = (
				E983F1D619E9C76F00219305 /* Info.plist */,
			);
			name = "Supporting Files";
			sourceTree = "<group>";
		};
		E983F1EA19E9C76F00219305 /* Test */ = {
			isa = PBXGroup;
			children = (
				E9F0D6A31A78C007002191E9 /* Domain */,
				E9F0D6A21A78C000002191E9 /* Record */,
				E9F0D6A11A78BF78002191E9 /* Support */,
				E983F1EB19E9C76F00219305 /* Supporting Files */,
			);
			path = Test;
			sourceTree = "<group>";
		};
		E983F1EB19E9C76F00219305 /* Supporting Files */ = {
			isa = PBXGroup;
			children = (
				E996101A1A894B5C00D52ECF /* aa-60.png */,
				E996101C1A89524200D52ECF /* bb-60.png */,
				E9828EB81A9A6B1100757D18 /* amelie-alpha.vcf */,
				E965C1B01A9D22750013759D /* amelie-alpha-3x.vcf */,
				E983F1EC19E9C76F00219305 /* Info.plist */,
			);
			name = "Supporting Files";
			sourceTree = "<group>";
		};
		E9F0D69B1A78B7CB002191E9 /* Record */ = {
			isa = PBXGroup;
			children = (
				E97D05C81A96806500740659 /* AddressBook.swift */,
				E9916B391A3DEAAC00378CC2 /* RecordChangeSet.swift */,
				E9F2289D1A438A7E00A10190 /* RecordDifferences.swift */,
				E948973F1A473E0D004BA838 /* RecordName.swift */,
				E9EB13111A3EB4C2002BC521 /* Records.swift */,
			);
			name = Record;
			sourceTree = "<group>";
		};
		E9F0D69C1A78BA68002191E9 /* Domain */ = {
			isa = PBXGroup;
			children = (
				E9AF05221A69D4F4003860EF /* ModifiedHeaderStamp.swift */,
				E97DE1831A0EC80D005FAB7D /* VCardImporter.swift */,
				E97B6C0C1A34A3F900B4D3E6 /* VCardSource.swift */,
			);
			name = Domain;
			sourceTree = "<group>";
		};
		E9F0D69D1A78BA7A002191E9 /* Support */ = {
			isa = PBXGroup;
			children = (
				E9F9D85B1A360F5F0054DCB8 /* AppContext.swift */,
				E9CF04B11A3CE02A00A13EF6 /* CoreExtension.swift */,
				E90684B01A58B17900728D0B /* DictionaryConvertible.swift */,
				E9F31E111A0FD2570015509F /* Errors.swift */,
				E947E1581A4F87A200513F77 /* Files.swift */,
				E9EF164D1A61C9E800CDC1E8 /* InsertionOrderDictionary.swift */,
				E927D3F31A5A064400E8DEE6 /* JSONSerialization.swift */,
				E907C6A81A6B382700612C90 /* MiniFutureExtension.swift */,
				E969253F1A4F7CF000B6427A /* QueueExecution.swift */,
				E9F5E8B01A7568A000400291 /* VCardImportProgress.swift */,
			);
			name = Support;
			sourceTree = "<group>";
		};
		E9F0D69F1A78BA9F002191E9 /* UI */ = {
			isa = PBXGroup;
			children = (
				E983F1D719E9C76F00219305 /* AppDelegate.swift */,
				E9198D781A6B16950000A767 /* ProxyTextFieldDelegate.swift */,
				E90AB3AF1A64795B002A3A51 /* TextFieldValidator.swift */,
				E90684AB1A589F0700728D0B /* VCardSourceCell.swift */,
				E9F850341A6EFE6C0051669A /* VCardSourceCell.xib */,
				E95E95AE19F43862002D864B /* VCardSourceDetailView.xib */,
				E95E95AC19F4380F002D864B /* VCardSourceDetailViewController.swift */,
				E9F9D85D1A3619060054DCB8 /* VCardSourcesDataSource.swift */,
				E983F1D919E9C76F00219305 /* VCardSourcesViewController.swift */,
				E9B9B9F31A5BF653004C53CA /* VCardToolbar.swift */,
			);
			name = UI;
			sourceTree = "<group>";
		};
		E9F0D6A01A78BDE3002191E9 /* Store */ = {
			isa = PBXGroup;
			children = (
				E94C0D631A74428D0005C472 /* KeychainItemWrapper.h */,
				E94C0D651A7442E40005C472 /* KeychainItemWrapper.m */,
				E97B6C0A1A34A1F100B4D3E6 /* VCardSourceStore.swift */,
			);
			name = Store;
			sourceTree = "<group>";
		};
		E9F0D6A11A78BF78002191E9 /* Support */ = {
			isa = PBXGroup;
			children = (
				E9CF04B31A3CE14400A13EF6 /* CoreExtensionTests.swift */,
				E98FD3F31A508B5300A9DB27 /* FilesTests.swift */,
				E9EF164F1A61DEB500CDC1E8 /* InsertionOrderDictionaryTests.swift */,
				E910BEB21A6BE6B4008EF26F /* QueueExecutionTests.swift */,
				E97580491A75FE26008A70E9 /* VCardImportProgressTests.swift */,
			);
			name = Support;
			sourceTree = "<group>";
		};
		E9F0D6A21A78C000002191E9 /* Record */ = {
			isa = PBXGroup;
			children = (
				E9828EBA1A9A6DDD00757D18 /* AddressBookExtension.swift */,
				E9F2289B1A43819200A10190 /* RecordDifferencesTests.swift */,
				E97F0C361A86C644005C9B0B /* RecordNameTests.swift */,
				E9E9110D1A9BD38A009E357B /* TestRecords.swift */,
			);
			name = Record;
			sourceTree = "<group>";
		};
		E9F0D6A31A78C007002191E9 /* Domain */ = {
			isa = PBXGroup;
			children = (
				E9AD7D0E1A69EE4100F1B668 /* ModifiedHeaderStampTests.swift */,
				E9828EA61A99DFA100757D18 /* VCardImporterTests.swift */,
			);
			name = Domain;
			sourceTree = "<group>";
		};
/* End PBXGroup section */

/* Begin PBXNativeTarget section */
		E983F1D119E9C76F00219305 /* vCard Turbo */ = {
			isa = PBXNativeTarget;
			buildConfigurationList = E983F1F119E9C76F00219305 /* Build configuration list for PBXNativeTarget "vCard Turbo" */;
			buildPhases = (
				C961B8CBEADCE21A59886CFE /* Check Pods Manifest.lock */,
				E983F1CE19E9C76F00219305 /* Sources */,
				E983F1CF19E9C76F00219305 /* Frameworks */,
				E983F1D019E9C76F00219305 /* Resources */,
				E97E1BF71A4CA335000DA85F /* Copy Frameworks */,
				368C673F8FBAD7266393CC65 /* Embed Pods Frameworks */,
				249725664A01BA31A23F420F /* Copy Pods Resources */,
			);
			buildRules = (
			);
			dependencies = (
			);
			name = "vCard Turbo";
			productName = "$(TARGET_NAME)";
			productReference = E983F1D219E9C76F00219305 /* vCard Turbo.app */;
			productType = "com.apple.product-type.application";
		};
		E983F1E619E9C76F00219305 /* Test */ = {
			isa = PBXNativeTarget;
			buildConfigurationList = E983F1F419E9C76F00219305 /* Build configuration list for PBXNativeTarget "Test" */;
			buildPhases = (
				2A89BE5DB65037F131A2DB07 /* Check Pods Manifest.lock */,
				E983F1E319E9C76F00219305 /* Sources */,
				E983F1E419E9C76F00219305 /* Frameworks */,
				E983F1E519E9C76F00219305 /* Resources */,
				94DA40578FCA5AF98077DD1C /* Embed Pods Frameworks */,
				AF832F9943FF5BA20F1F9744 /* Copy Pods Resources */,
			);
			buildRules = (
			);
			dependencies = (
				E983F1E919E9C76F00219305 /* PBXTargetDependency */,
			);
			name = Test;
			productName = Test;
			productReference = E983F1E719E9C76F00219305 /* Test.xctest */;
			productType = "com.apple.product-type.bundle.unit-test";
		};
/* End PBXNativeTarget section */

/* Begin PBXProject section */
		E983F1CA19E9C76F00219305 /* Project object */ = {
			isa = PBXProject;
			attributes = {
				CLASSPREFIX = "";
				LastUpgradeCheck = 0600;
				ORGANIZATIONNAME = "Tuomas Kareinen";
				TargetAttributes = {
					E983F1D119E9C76F00219305 = {
						CreatedOnToolsVersion = 6.0.1;
						DevelopmentTeam = R235CYQ493;
					};
					E983F1E619E9C76F00219305 = {
						CreatedOnToolsVersion = 6.0.1;
						DevelopmentTeam = R235CYQ493;
						TestTargetID = E983F1D119E9C76F00219305;
					};
				};
			};
			buildConfigurationList = E983F1CD19E9C76F00219305 /* Build configuration list for PBXProject "VCardImport" */;
			compatibilityVersion = "Xcode 3.2";
			developmentRegion = English;
			hasScannedForEncodings = 0;
			knownRegions = (
				en,
				Base,
			);
			mainGroup = E983F1C919E9C76F00219305;
			productRefGroup = E983F1D319E9C76F00219305 /* Products */;
			projectDirPath = "";
			projectRoot = "";
			targets = (
				E983F1D119E9C76F00219305 /* vCard Turbo */,
				E983F1E619E9C76F00219305 /* Test */,
			);
		};
/* End PBXProject section */

/* Begin PBXResourcesBuildPhase section */
		E983F1D019E9C76F00219305 /* Resources */ = {
			isa = PBXResourcesBuildPhase;
			buildActionMask = 2147483647;
			files = (
				E983F1E219E9C76F00219305 /* LaunchScreen.xib in Resources */,
				E95E95AF19F43862002D864B /* VCardSourceDetailView.xib in Resources */,
				E9F850351A6EFE6C0051669A /* VCardSourceCell.xib in Resources */,
				E983F1DF19E9C76F00219305 /* Images.xcassets in Resources */,
			);
			runOnlyForDeploymentPostprocessing = 0;
		};
		E983F1E519E9C76F00219305 /* Resources */ = {
			isa = PBXResourcesBuildPhase;
			buildActionMask = 2147483647;
			files = (
				E996101B1A894B5C00D52ECF /* aa-60.png in Resources */,
				E996101D1A89524200D52ECF /* bb-60.png in Resources */,
				E9828EB91A9A6B1100757D18 /* amelie-alpha.vcf in Resources */,
				E965C1B11A9D22750013759D /* amelie-alpha-3x.vcf in Resources */,
			);
			runOnlyForDeploymentPostprocessing = 0;
		};
/* End PBXResourcesBuildPhase section */

/* Begin PBXShellScriptBuildPhase section */
		249725664A01BA31A23F420F /* Copy Pods Resources */ = {
			isa = PBXShellScriptBuildPhase;
			buildActionMask = 2147483647;
			files = (
			);
			inputPaths = (
			);
			name = "Copy Pods Resources";
			outputPaths = (
			);
			runOnlyForDeploymentPostprocessing = 0;
			shellPath = /bin/sh;
			shellScript = "\"${SRCROOT}/../Pods/Target Support Files/Pods/Pods-resources.sh\"\n";
			showEnvVarsInLog = 0;
		};
		2A89BE5DB65037F131A2DB07 /* Check Pods Manifest.lock */ = {
			isa = PBXShellScriptBuildPhase;
			buildActionMask = 2147483647;
			files = (
			);
			inputPaths = (
			);
			name = "Check Pods Manifest.lock";
			outputPaths = (
			);
			runOnlyForDeploymentPostprocessing = 0;
			shellPath = /bin/sh;
			shellScript = "diff \"${PODS_ROOT}/../Podfile.lock\" \"${PODS_ROOT}/Manifest.lock\" > /dev/null\nif [[ $? != 0 ]] ; then\n    cat << EOM\nerror: The sandbox is not in sync with the Podfile.lock. Run 'pod install' or update your CocoaPods installation.\nEOM\n    exit 1\nfi\n";
			showEnvVarsInLog = 0;
		};
		368C673F8FBAD7266393CC65 /* Embed Pods Frameworks */ = {
			isa = PBXShellScriptBuildPhase;
			buildActionMask = 2147483647;
			files = (
			);
			inputPaths = (
			);
			name = "Embed Pods Frameworks";
			outputPaths = (
			);
			runOnlyForDeploymentPostprocessing = 0;
			shellPath = /bin/sh;
			shellScript = "\"${SRCROOT}/../Pods/Target Support Files/Pods/Pods-frameworks.sh\"\n";
			showEnvVarsInLog = 0;
		};
		94DA40578FCA5AF98077DD1C /* Embed Pods Frameworks */ = {
			isa = PBXShellScriptBuildPhase;
			buildActionMask = 2147483647;
			files = (
			);
			inputPaths = (
			);
			name = "Embed Pods Frameworks";
			outputPaths = (
			);
			runOnlyForDeploymentPostprocessing = 0;
			shellPath = /bin/sh;
			shellScript = "\"${SRCROOT}/../Pods/Target Support Files/Pods/Pods-frameworks.sh\"\n";
			showEnvVarsInLog = 0;
		};
		AF832F9943FF5BA20F1F9744 /* Copy Pods Resources */ = {
			isa = PBXShellScriptBuildPhase;
			buildActionMask = 2147483647;
			files = (
			);
			inputPaths = (
			);
			name = "Copy Pods Resources";
			outputPaths = (
			);
			runOnlyForDeploymentPostprocessing = 0;
			shellPath = /bin/sh;
			shellScript = "\"${SRCROOT}/../Pods/Target Support Files/Pods/Pods-resources.sh\"\n";
			showEnvVarsInLog = 0;
		};
		C961B8CBEADCE21A59886CFE /* Check Pods Manifest.lock */ = {
			isa = PBXShellScriptBuildPhase;
			buildActionMask = 2147483647;
			files = (
			);
			inputPaths = (
			);
			name = "Check Pods Manifest.lock";
			outputPaths = (
			);
			runOnlyForDeploymentPostprocessing = 0;
			shellPath = /bin/sh;
			shellScript = "diff \"${PODS_ROOT}/../Podfile.lock\" \"${PODS_ROOT}/Manifest.lock\" > /dev/null\nif [[ $? != 0 ]] ; then\n    cat << EOM\nerror: The sandbox is not in sync with the Podfile.lock. Run 'pod install' or update your CocoaPods installation.\nEOM\n    exit 1\nfi\n";
			showEnvVarsInLog = 0;
		};
/* End PBXShellScriptBuildPhase section */

/* Begin PBXSourcesBuildPhase section */
		E983F1CE19E9C76F00219305 /* Sources */ = {
			isa = PBXSourcesBuildPhase;
			buildActionMask = 2147483647;
			files = (
				E9F9D8601A361C1B0054DCB8 /* Config.swift in Sources */,
				E9F9D85C1A360F5F0054DCB8 /* AppContext.swift in Sources */,
				E9CF04B21A3CE02A00A13EF6 /* CoreExtension.swift in Sources */,
				E90684B11A58B17900728D0B /* DictionaryConvertible.swift in Sources */,
				E9F31E121A0FD2570015509F /* Errors.swift in Sources */,
				E947E1591A4F87A200513F77 /* Files.swift in Sources */,
				E9EF164E1A61C9E800CDC1E8 /* InsertionOrderDictionary.swift in Sources */,
				E927D3F41A5A064400E8DEE6 /* JSONSerialization.swift in Sources */,
				E907C6A91A6B382700612C90 /* MiniFutureExtension.swift in Sources */,
				E96925401A4F7CF000B6427A /* QueueExecution.swift in Sources */,
				E9F5E8B11A7568A000400291 /* VCardImportProgress.swift in Sources */,
				E9828EB11A99E73600757D18 /* Request.swift in Sources */,
				E9828EAE1A99E67C00757D18 /* URLConnectable.swift in Sources */,
				E9C46E731A4A3C98004BD769 /* URLConnection.swift in Sources */,
				E97D05C91A96806500740659 /* AddressBook.swift in Sources */,
				E9916B3A1A3DEAAC00378CC2 /* RecordChangeSet.swift in Sources */,
				E9F2289E1A438A7E00A10190 /* RecordDifferences.swift in Sources */,
				E94897401A473E0D004BA838 /* RecordName.swift in Sources */,
				E9EB13121A3EB4C2002BC521 /* Records.swift in Sources */,
				E9AF05231A69D4F4003860EF /* ModifiedHeaderStamp.swift in Sources */,
				E97DE1841A0EC80D005FAB7D /* VCardImporter.swift in Sources */,
				E97B6C0D1A34A3F900B4D3E6 /* VCardSource.swift in Sources */,
				E94C0D661A7442E40005C472 /* KeychainItemWrapper.m in Sources */,
				E97B6C0B1A34A1F100B4D3E6 /* VCardSourceStore.swift in Sources */,
				E983F1D819E9C76F00219305 /* AppDelegate.swift in Sources */,
				E9198D791A6B16950000A767 /* ProxyTextFieldDelegate.swift in Sources */,
				E90AB3B01A64795B002A3A51 /* TextFieldValidator.swift in Sources */,
				E90684AC1A589F0700728D0B /* VCardSourceCell.swift in Sources */,
				E9F9D85E1A3619060054DCB8 /* VCardSourcesDataSource.swift in Sources */,
				E983F1DA19E9C76F00219305 /* VCardSourcesViewController.swift in Sources */,
				E95E95AD19F4380F002D864B /* VCardSourceDetailViewController.swift in Sources */,
				E9B9B9F41A5BF653004C53CA /* VCardToolbar.swift in Sources */,
			);
			runOnlyForDeploymentPostprocessing = 0;
		};
		E983F1E319E9C76F00219305 /* Sources */ = {
			isa = PBXSourcesBuildPhase;
			buildActionMask = 2147483647;
			files = (
				E91E62011A6B082F00543A40 /* Config.swift in Sources */,
				E9CF04B51A3CE40E00A13EF6 /* CoreExtension.swift in Sources */,
				E9AD7D111A69F7A700F1B668 /* DictionaryConvertible.swift in Sources */,
				E9F228A21A43938E00A10190 /* Errors.swift in Sources */,
				E98FD3F61A508BB300A9DB27 /* Files.swift in Sources */,
				E9EF16511A61DFC400CDC1E8 /* InsertionOrderDictionary.swift in Sources */,
				E927AD4C1AA305BD00C5CA27 /* MiniFutureExtension.swift in Sources */,
				E910BEB41A6BE706008EF26F /* QueueExecution.swift in Sources */,
				E975804B1A75FE94008A70E9 /* VCardImportProgress.swift in Sources */,
				E9828EB41A99F12800757D18 /* Request.swift in Sources */,
				E9828EB51A99F12B00757D18 /* URLConnectable.swift in Sources */,
				E9828EB31A99F10E00757D18 /* AddressBook.swift in Sources */,
				E9F228A01A43934B00A10190 /* RecordChangeSet.swift in Sources */,
				E9F228A11A43934B00A10190 /* RecordDifferences.swift in Sources */,
				E94897411A47448C004BA838 /* RecordName.swift in Sources */,
				E9F2289F1A43934B00A10190 /* Records.swift in Sources */,
				E9AD7D101A69F4DC00F1B668 /* ModifiedHeaderStamp.swift in Sources */,
				E9828EAA1A99E27C00757D18 /* VCardImporter.swift in Sources */,
				E9828EAB1A99E2B700757D18 /* VCardSource.swift in Sources */,
				E9CF04B41A3CE14400A13EF6 /* CoreExtensionTests.swift in Sources */,
				E98FD3F41A508B5300A9DB27 /* FilesTests.swift in Sources */,
				E9EF16501A61DEB500CDC1E8 /* InsertionOrderDictionaryTests.swift in Sources */,
				E910BEB31A6BE6B4008EF26F /* QueueExecutionTests.swift in Sources */,
				E975804A1A75FE26008A70E9 /* VCardImportProgressTests.swift in Sources */,
				E9828EBB1A9A6DDD00757D18 /* AddressBookExtension.swift in Sources */,
				E9F2289C1A43819200A10190 /* RecordDifferencesTests.swift in Sources */,
				E97F0C371A86C644005C9B0B /* RecordNameTests.swift in Sources */,
				E9E9110E1A9BD38A009E357B /* TestRecords.swift in Sources */,
				E9AD7D0F1A69EE4100F1B668 /* ModifiedHeaderStampTests.swift in Sources */,
				E9828EA71A99DFA100757D18 /* VCardImporterTests.swift in Sources */,
			);
			runOnlyForDeploymentPostprocessing = 0;
		};
/* End PBXSourcesBuildPhase section */

/* Begin PBXTargetDependency section */
		E983F1E919E9C76F00219305 /* PBXTargetDependency */ = {
			isa = PBXTargetDependency;
			target = E983F1D119E9C76F00219305 /* vCard Turbo */;
			targetProxy = E983F1E819E9C76F00219305 /* PBXContainerItemProxy */;
		};
/* End PBXTargetDependency section */

/* Begin PBXVariantGroup section */
		E983F1E019E9C76F00219305 /* LaunchScreen.xib */ = {
			isa = PBXVariantGroup;
			children = (
				E983F1E119E9C76F00219305 /* Base */,
			);
			name = LaunchScreen.xib;
			sourceTree = "<group>";
		};
/* End PBXVariantGroup section */

/* Begin XCBuildConfiguration section */
		E983F1EF19E9C76F00219305 /* Debug */ = {
			isa = XCBuildConfiguration;
			buildSettings = {
				ALWAYS_SEARCH_USER_PATHS = NO;
				CLANG_CXX_LANGUAGE_STANDARD = "gnu++0x";
				CLANG_CXX_LIBRARY = "libc++";
				CLANG_ENABLE_MODULES = YES;
				CLANG_ENABLE_OBJC_ARC = YES;
				CLANG_WARN_BOOL_CONVERSION = YES;
				CLANG_WARN_CONSTANT_CONVERSION = YES;
				CLANG_WARN_DIRECT_OBJC_ISA_USAGE = YES_ERROR;
				CLANG_WARN_EMPTY_BODY = YES;
				CLANG_WARN_ENUM_CONVERSION = YES;
				CLANG_WARN_INT_CONVERSION = YES;
				CLANG_WARN_OBJC_ROOT_CLASS = YES_ERROR;
				CLANG_WARN_UNREACHABLE_CODE = YES;
				CLANG_WARN__DUPLICATE_METHOD_MATCH = YES;
				"CODE_SIGN_IDENTITY[sdk=iphoneos*]" = "iPhone Developer";
				COPY_PHASE_STRIP = NO;
				ENABLE_STRICT_OBJC_MSGSEND = YES;
				GCC_C_LANGUAGE_STANDARD = gnu99;
				GCC_DYNAMIC_NO_PIC = NO;
				GCC_OPTIMIZATION_LEVEL = 0;
				GCC_PREPROCESSOR_DEFINITIONS = (
					"DEBUG=1",
					"$(inherited)",
				);
				GCC_SYMBOLS_PRIVATE_EXTERN = NO;
				GCC_TREAT_WARNINGS_AS_ERRORS = YES;
				GCC_WARN_64_TO_32_BIT_CONVERSION = YES;
				GCC_WARN_ABOUT_RETURN_TYPE = YES_ERROR;
				GCC_WARN_UNDECLARED_SELECTOR = YES;
				GCC_WARN_UNINITIALIZED_AUTOS = YES_AGGRESSIVE;
				GCC_WARN_UNUSED_FUNCTION = YES;
				GCC_WARN_UNUSED_VARIABLE = YES;
				IPHONEOS_DEPLOYMENT_TARGET = 8.0;
				MTL_ENABLE_DEBUG_INFO = YES;
				ONLY_ACTIVE_ARCH = YES;
				RUN_CLANG_STATIC_ANALYZER = YES;
				SDKROOT = iphoneos;
				SWIFT_OPTIMIZATION_LEVEL = "-Onone";
				TARGETED_DEVICE_FAMILY = "1,2";
				WARNING_CFLAGS = (
					"-Wextra",
					"-Wall",
				);
			};
			name = Debug;
		};
		E983F1F019E9C76F00219305 /* Release */ = {
			isa = XCBuildConfiguration;
			buildSettings = {
				ALWAYS_SEARCH_USER_PATHS = NO;
				CLANG_CXX_LANGUAGE_STANDARD = "gnu++0x";
				CLANG_CXX_LIBRARY = "libc++";
				CLANG_ENABLE_MODULES = YES;
				CLANG_ENABLE_OBJC_ARC = YES;
				CLANG_WARN_BOOL_CONVERSION = YES;
				CLANG_WARN_CONSTANT_CONVERSION = YES;
				CLANG_WARN_DIRECT_OBJC_ISA_USAGE = YES_ERROR;
				CLANG_WARN_EMPTY_BODY = YES;
				CLANG_WARN_ENUM_CONVERSION = YES;
				CLANG_WARN_INT_CONVERSION = YES;
				CLANG_WARN_OBJC_ROOT_CLASS = YES_ERROR;
				CLANG_WARN_UNREACHABLE_CODE = YES;
				CLANG_WARN__DUPLICATE_METHOD_MATCH = YES;
				"CODE_SIGN_IDENTITY[sdk=iphoneos*]" = "iPhone Developer";
				COPY_PHASE_STRIP = YES;
				ENABLE_NS_ASSERTIONS = NO;
				ENABLE_STRICT_OBJC_MSGSEND = YES;
				GCC_C_LANGUAGE_STANDARD = gnu99;
				GCC_TREAT_WARNINGS_AS_ERRORS = YES;
				GCC_WARN_64_TO_32_BIT_CONVERSION = YES;
				GCC_WARN_ABOUT_RETURN_TYPE = YES_ERROR;
				GCC_WARN_UNDECLARED_SELECTOR = YES;
				GCC_WARN_UNINITIALIZED_AUTOS = YES_AGGRESSIVE;
				GCC_WARN_UNUSED_FUNCTION = YES;
				GCC_WARN_UNUSED_VARIABLE = YES;
				IPHONEOS_DEPLOYMENT_TARGET = 8.0;
				MTL_ENABLE_DEBUG_INFO = NO;
				RUN_CLANG_STATIC_ANALYZER = YES;
				SDKROOT = iphoneos;
				TARGETED_DEVICE_FAMILY = "1,2";
				VALIDATE_PRODUCT = YES;
				WARNING_CFLAGS = (
					"-Wextra",
					"-Wall",
				);
			};
			name = Release;
		};
		E983F1F219E9C76F00219305 /* Debug */ = {
			isa = XCBuildConfiguration;
			baseConfigurationReference = 6E1FE9330B4AD96D644FDB37 /* Pods.debug.xcconfig */;
			buildSettings = {
				ASSETCATALOG_COMPILER_APPICON_NAME = AppIcon;
				CLANG_ENABLE_MODULES = YES;
				CODE_SIGN_IDENTITY = "iPhone Developer";
				"CODE_SIGN_IDENTITY[sdk=iphoneos*]" = "iPhone Developer";
				INFOPLIST_FILE = Source/Info.plist;
				LD_RUNPATH_SEARCH_PATHS = "$(inherited) @executable_path/Frameworks";
				OTHER_SWIFT_FLAGS = "$(inherited) -D DEFAULT_SOURCES";
				PRODUCT_NAME = "$(TARGET_NAME)";
				PROVISIONING_PROFILE = "";
				SWIFT_OBJC_BRIDGING_HEADER = "Source/Bridging-Header.h";
				SWIFT_OPTIMIZATION_LEVEL = "-Onone";
			};
			name = Debug;
		};
		E983F1F319E9C76F00219305 /* Release */ = {
			isa = XCBuildConfiguration;
			baseConfigurationReference = 1FB67E41FDADE55F0C0843B0 /* Pods.release.xcconfig */;
			buildSettings = {
				ASSETCATALOG_COMPILER_APPICON_NAME = AppIcon;
				CLANG_ENABLE_MODULES = YES;
				CODE_SIGN_IDENTITY = "iPhone Developer";
				"CODE_SIGN_IDENTITY[sdk=iphoneos*]" = "iPhone Developer";
				INFOPLIST_FILE = Source/Info.plist;
				LD_RUNPATH_SEARCH_PATHS = "$(inherited) @executable_path/Frameworks";
				PRODUCT_NAME = "$(TARGET_NAME)";
				PROVISIONING_PROFILE = "";
				SWIFT_OBJC_BRIDGING_HEADER = "Source/Bridging-Header.h";
			};
			name = Release;
		};
		E983F1F519E9C76F00219305 /* Debug */ = {
			isa = XCBuildConfiguration;
			baseConfigurationReference = 6E1FE9330B4AD96D644FDB37 /* Pods.debug.xcconfig */;
			buildSettings = {
				BUNDLE_LOADER = "$(TEST_HOST)";
				FRAMEWORK_SEARCH_PATHS = (
					"$(SDKROOT)/Developer/Library/Frameworks",
					"$(inherited)",
				);
				GCC_PREPROCESSOR_DEFINITIONS = (
					"DEBUG=1",
					"$(inherited)",
				);
				INFOPLIST_FILE = Test/Info.plist;
				LD_RUNPATH_SEARCH_PATHS = "$(inherited) @executable_path/Frameworks @loader_path/Frameworks";
				PRODUCT_NAME = "$(TARGET_NAME)";
				TEST_HOST = "$(BUILT_PRODUCTS_DIR)/vCard Turbo.app/vCard Turbo";
			};
			name = Debug;
		};
		E983F1F619E9C76F00219305 /* Release */ = {
			isa = XCBuildConfiguration;
			baseConfigurationReference = 1FB67E41FDADE55F0C0843B0 /* Pods.release.xcconfig */;
			buildSettings = {
				BUNDLE_LOADER = "$(TEST_HOST)";
				FRAMEWORK_SEARCH_PATHS = (
					"$(SDKROOT)/Developer/Library/Frameworks",
					"$(inherited)",
				);
				INFOPLIST_FILE = Test/Info.plist;
				LD_RUNPATH_SEARCH_PATHS = "$(inherited) @executable_path/Frameworks @loader_path/Frameworks";
				PRODUCT_NAME = "$(TARGET_NAME)";
				TEST_HOST = "$(BUILT_PRODUCTS_DIR)/vCard Turbo.app/vCard Turbo";
			};
			name = Release;
		};
/* End XCBuildConfiguration section */

/* Begin XCConfigurationList section */
		E983F1CD19E9C76F00219305 /* Build configuration list for PBXProject "VCardImport" */ = {
			isa = XCConfigurationList;
			buildConfigurations = (
				E983F1EF19E9C76F00219305 /* Debug */,
				E983F1F019E9C76F00219305 /* Release */,
			);
			defaultConfigurationIsVisible = 0;
			defaultConfigurationName = Release;
		};
		E983F1F119E9C76F00219305 /* Build configuration list for PBXNativeTarget "vCard Turbo" */ = {
			isa = XCConfigurationList;
			buildConfigurations = (
				E983F1F219E9C76F00219305 /* Debug */,
				E983F1F319E9C76F00219305 /* Release */,
			);
			defaultConfigurationIsVisible = 0;
			defaultConfigurationName = Release;
		};
		E983F1F419E9C76F00219305 /* Build configuration list for PBXNativeTarget "Test" */ = {
			isa = XCConfigurationList;
			buildConfigurations = (
				E983F1F519E9C76F00219305 /* Debug */,
				E983F1F619E9C76F00219305 /* Release */,
			);
			defaultConfigurationIsVisible = 0;
			defaultConfigurationName = Release;
		};
/* End XCConfigurationList section */
	};
	rootObject = E983F1CA19E9C76F00219305 /* Project object */;
}
