// !$*UTF8*$!
{
	archiveVersion = 1;
	classes = {
	};
	objectVersion = 46;
	objects = {

/* Begin PBXBuildFile section */
		E90684AC1A589F0700728D0B /* VCardSourceCell.swift in Sources */ = {isa = PBXBuildFile; fileRef = E90684AB1A589F0700728D0B /* VCardSourceCell.swift */; };
		E90684B11A58B17900728D0B /* DictionaryConvertible.swift in Sources */ = {isa = PBXBuildFile; fileRef = E90684B01A58B17900728D0B /* DictionaryConvertible.swift */; };
		E90AB3B01A64795B002A3A51 /* TextFieldValidator.swift in Sources */ = {isa = PBXBuildFile; fileRef = E90AB3AF1A64795B002A3A51 /* TextFieldValidator.swift */; };
		E927D3F41A5A064400E8DEE6 /* JSONSerialization.swift in Sources */ = {isa = PBXBuildFile; fileRef = E927D3F31A5A064400E8DEE6 /* JSONSerialization.swift */; };
		E9375BC91A0ED1120065A042 /* example-contacts.vcf in Resources */ = {isa = PBXBuildFile; fileRef = E9375BC81A0ED1120065A042 /* example-contacts.vcf */; };
		E947E1591A4F87A200513F77 /* Files.swift in Sources */ = {isa = PBXBuildFile; fileRef = E947E1581A4F87A200513F77 /* Files.swift */; };
		E94897401A473E0D004BA838 /* RecordName.swift in Sources */ = {isa = PBXBuildFile; fileRef = E948973F1A473E0D004BA838 /* RecordName.swift */; };
		E94897411A47448C004BA838 /* RecordName.swift in Sources */ = {isa = PBXBuildFile; fileRef = E948973F1A473E0D004BA838 /* RecordName.swift */; };
		E95E95AD19F4380F002D864B /* VCardSourceDetailViewController.swift in Sources */ = {isa = PBXBuildFile; fileRef = E95E95AC19F4380F002D864B /* VCardSourceDetailViewController.swift */; };
		E95E95AF19F43862002D864B /* VCardSourceDetailViewController.xib in Resources */ = {isa = PBXBuildFile; fileRef = E95E95AE19F43862002D864B /* VCardSourceDetailViewController.xib */; };
		E96925401A4F7CF000B6427A /* QueueExecution.swift in Sources */ = {isa = PBXBuildFile; fileRef = E969253F1A4F7CF000B6427A /* QueueExecution.swift */; };
		E97B6C0B1A34A1F100B4D3E6 /* VCardSourceStore.swift in Sources */ = {isa = PBXBuildFile; fileRef = E97B6C0A1A34A1F100B4D3E6 /* VCardSourceStore.swift */; };
		E97B6C0D1A34A3F900B4D3E6 /* VCardSource.swift in Sources */ = {isa = PBXBuildFile; fileRef = E97B6C0C1A34A3F900B4D3E6 /* VCardSource.swift */; };
		E97DE1841A0EC80D005FAB7D /* VCardImporter.swift in Sources */ = {isa = PBXBuildFile; fileRef = E97DE1831A0EC80D005FAB7D /* VCardImporter.swift */; };
		E983F1D819E9C76F00219305 /* AppDelegate.swift in Sources */ = {isa = PBXBuildFile; fileRef = E983F1D719E9C76F00219305 /* AppDelegate.swift */; };
		E983F1DA19E9C76F00219305 /* VCardSourcesViewController.swift in Sources */ = {isa = PBXBuildFile; fileRef = E983F1D919E9C76F00219305 /* VCardSourcesViewController.swift */; };
		E983F1DF19E9C76F00219305 /* Images.xcassets in Resources */ = {isa = PBXBuildFile; fileRef = E983F1DE19E9C76F00219305 /* Images.xcassets */; };
		E983F1E219E9C76F00219305 /* LaunchScreen.xib in Resources */ = {isa = PBXBuildFile; fileRef = E983F1E019E9C76F00219305 /* LaunchScreen.xib */; };
		E98FD3F41A508B5300A9DB27 /* FilesTests.swift in Sources */ = {isa = PBXBuildFile; fileRef = E98FD3F31A508B5300A9DB27 /* FilesTests.swift */; };
		E98FD3F61A508BB300A9DB27 /* Files.swift in Sources */ = {isa = PBXBuildFile; fileRef = E947E1581A4F87A200513F77 /* Files.swift */; };
		E9916B3A1A3DEAAC00378CC2 /* RecordChangeSet.swift in Sources */ = {isa = PBXBuildFile; fileRef = E9916B391A3DEAAC00378CC2 /* RecordChangeSet.swift */; };
		E9B9B9F41A5BF653004C53CA /* VCardToolbar.swift in Sources */ = {isa = PBXBuildFile; fileRef = E9B9B9F31A5BF653004C53CA /* VCardToolbar.swift */; };
		E9C46E6E1A4A3C3F004BD769 /* Condition.swift in Sources */ = {isa = PBXBuildFile; fileRef = E9C46E6A1A4A3C3F004BD769 /* Condition.swift */; };
		E9C46E6F1A4A3C3F004BD769 /* Future.swift in Sources */ = {isa = PBXBuildFile; fileRef = E9C46E6B1A4A3C3F004BD769 /* Future.swift */; };
		E9C46E701A4A3C3F004BD769 /* Semaphore.swift in Sources */ = {isa = PBXBuildFile; fileRef = E9C46E6C1A4A3C3F004BD769 /* Semaphore.swift */; };
		E9C46E711A4A3C3F004BD769 /* Try.swift in Sources */ = {isa = PBXBuildFile; fileRef = E9C46E6D1A4A3C3F004BD769 /* Try.swift */; };
		E9C46E731A4A3C98004BD769 /* URLConnection.swift in Sources */ = {isa = PBXBuildFile; fileRef = E9C46E721A4A3C98004BD769 /* URLConnection.swift */; };
		E9CF04B21A3CE02A00A13EF6 /* CoreExtension.swift in Sources */ = {isa = PBXBuildFile; fileRef = E9CF04B11A3CE02A00A13EF6 /* CoreExtension.swift */; };
		E9CF04B41A3CE14400A13EF6 /* CoreExtensionTests.swift in Sources */ = {isa = PBXBuildFile; fileRef = E9CF04B31A3CE14400A13EF6 /* CoreExtensionTests.swift */; };
		E9CF04B51A3CE40E00A13EF6 /* CoreExtension.swift in Sources */ = {isa = PBXBuildFile; fileRef = E9CF04B11A3CE02A00A13EF6 /* CoreExtension.swift */; };
		E9EB13121A3EB4C2002BC521 /* Records.swift in Sources */ = {isa = PBXBuildFile; fileRef = E9EB13111A3EB4C2002BC521 /* Records.swift */; };
		E9EF164E1A61C9E800CDC1E8 /* InsertionOrderDictionary.swift in Sources */ = {isa = PBXBuildFile; fileRef = E9EF164D1A61C9E800CDC1E8 /* InsertionOrderDictionary.swift */; };
		E9EF16501A61DEB500CDC1E8 /* InsertionOrderDictionaryTests.swift in Sources */ = {isa = PBXBuildFile; fileRef = E9EF164F1A61DEB500CDC1E8 /* InsertionOrderDictionaryTests.swift */; };
		E9EF16511A61DFC400CDC1E8 /* InsertionOrderDictionary.swift in Sources */ = {isa = PBXBuildFile; fileRef = E9EF164D1A61C9E800CDC1E8 /* InsertionOrderDictionary.swift */; };
		E9F2289C1A43819200A10190 /* RecordDifferencesTests.swift in Sources */ = {isa = PBXBuildFile; fileRef = E9F2289B1A43819200A10190 /* RecordDifferencesTests.swift */; };
		E9F2289E1A438A7E00A10190 /* RecordDifferences.swift in Sources */ = {isa = PBXBuildFile; fileRef = E9F2289D1A438A7E00A10190 /* RecordDifferences.swift */; };
		E9F2289F1A43934B00A10190 /* Records.swift in Sources */ = {isa = PBXBuildFile; fileRef = E9EB13111A3EB4C2002BC521 /* Records.swift */; };
		E9F228A01A43934B00A10190 /* RecordChangeSet.swift in Sources */ = {isa = PBXBuildFile; fileRef = E9916B391A3DEAAC00378CC2 /* RecordChangeSet.swift */; };
		E9F228A11A43934B00A10190 /* RecordDifferences.swift in Sources */ = {isa = PBXBuildFile; fileRef = E9F2289D1A438A7E00A10190 /* RecordDifferences.swift */; };
		E9F228A21A43938E00A10190 /* Errors.swift in Sources */ = {isa = PBXBuildFile; fileRef = E9F31E111A0FD2570015509F /* Errors.swift */; };
		E9F31E121A0FD2570015509F /* Errors.swift in Sources */ = {isa = PBXBuildFile; fileRef = E9F31E111A0FD2570015509F /* Errors.swift */; };
		E9F9D85C1A360F5F0054DCB8 /* AppContext.swift in Sources */ = {isa = PBXBuildFile; fileRef = E9F9D85B1A360F5F0054DCB8 /* AppContext.swift */; };
		E9F9D85E1A3619060054DCB8 /* VCardSourcesDataSource.swift in Sources */ = {isa = PBXBuildFile; fileRef = E9F9D85D1A3619060054DCB8 /* VCardSourcesDataSource.swift */; };
		E9F9D8601A361C1B0054DCB8 /* Config.swift in Sources */ = {isa = PBXBuildFile; fileRef = E9F9D85F1A361C1B0054DCB8 /* Config.swift */; };
/* End PBXBuildFile section */

/* Begin PBXContainerItemProxy section */
		E983F1E819E9C76F00219305 /* PBXContainerItemProxy */ = {
			isa = PBXContainerItemProxy;
			containerPortal = E983F1CA19E9C76F00219305 /* Project object */;
			proxyType = 1;
			remoteGlobalIDString = E983F1D119E9C76F00219305;
			remoteInfo = VCardImport;
		};
/* End PBXContainerItemProxy section */

/* Begin PBXCopyFilesBuildPhase section */
		E97E1BF71A4CA335000DA85F /* Copy Frameworks */ = {
			isa = PBXCopyFilesBuildPhase;
			buildActionMask = 2147483647;
			dstPath = "";
			dstSubfolderSpec = 10;
			files = (
			);
			name = "Copy Frameworks";
			runOnlyForDeploymentPostprocessing = 0;
		};
/* End PBXCopyFilesBuildPhase section */

/* Begin PBXFileReference section */
		E90684AB1A589F0700728D0B /* VCardSourceCell.swift */ = {isa = PBXFileReference; fileEncoding = 4; lastKnownFileType = sourcecode.swift; path = VCardSourceCell.swift; sourceTree = "<group>"; };
		E90684B01A58B17900728D0B /* DictionaryConvertible.swift */ = {isa = PBXFileReference; fileEncoding = 4; lastKnownFileType = sourcecode.swift; path = DictionaryConvertible.swift; sourceTree = "<group>"; };
		E90AB3AF1A64795B002A3A51 /* TextFieldValidator.swift */ = {isa = PBXFileReference; fileEncoding = 4; lastKnownFileType = sourcecode.swift; path = TextFieldValidator.swift; sourceTree = "<group>"; };
		E927D3F31A5A064400E8DEE6 /* JSONSerialization.swift */ = {isa = PBXFileReference; fileEncoding = 4; lastKnownFileType = sourcecode.swift; path = JSONSerialization.swift; sourceTree = "<group>"; };
		E9375BC81A0ED1120065A042 /* example-contacts.vcf */ = {isa = PBXFileReference; fileEncoding = 4; lastKnownFileType = text; path = "example-contacts.vcf"; sourceTree = "<group>"; };
		E947E1581A4F87A200513F77 /* Files.swift */ = {isa = PBXFileReference; fileEncoding = 4; lastKnownFileType = sourcecode.swift; path = Files.swift; sourceTree = "<group>"; };
		E948973F1A473E0D004BA838 /* RecordName.swift */ = {isa = PBXFileReference; fileEncoding = 4; lastKnownFileType = sourcecode.swift; path = RecordName.swift; sourceTree = "<group>"; };
		E95E95AC19F4380F002D864B /* VCardSourceDetailViewController.swift */ = {isa = PBXFileReference; fileEncoding = 4; lastKnownFileType = sourcecode.swift; path = VCardSourceDetailViewController.swift; sourceTree = "<group>"; };
		E95E95AE19F43862002D864B /* VCardSourceDetailViewController.xib */ = {isa = PBXFileReference; fileEncoding = 4; lastKnownFileType = file.xib; path = VCardSourceDetailViewController.xib; sourceTree = "<group>"; };
		E969253F1A4F7CF000B6427A /* QueueExecution.swift */ = {isa = PBXFileReference; fileEncoding = 4; lastKnownFileType = sourcecode.swift; path = QueueExecution.swift; sourceTree = "<group>"; };
		E97B6C0A1A34A1F100B4D3E6 /* VCardSourceStore.swift */ = {isa = PBXFileReference; fileEncoding = 4; lastKnownFileType = sourcecode.swift; path = VCardSourceStore.swift; sourceTree = "<group>"; };
		E97B6C0C1A34A3F900B4D3E6 /* VCardSource.swift */ = {isa = PBXFileReference; fileEncoding = 4; lastKnownFileType = sourcecode.swift; path = VCardSource.swift; sourceTree = "<group>"; };
		E97DE1831A0EC80D005FAB7D /* VCardImporter.swift */ = {isa = PBXFileReference; fileEncoding = 4; lastKnownFileType = sourcecode.swift; path = VCardImporter.swift; sourceTree = "<group>"; };
		E983F1D219E9C76F00219305 /* vCardImport.app */ = {isa = PBXFileReference; explicitFileType = wrapper.application; includeInIndex = 0; path = vCardImport.app; sourceTree = BUILT_PRODUCTS_DIR; };
		E983F1D619E9C76F00219305 /* Info.plist */ = {isa = PBXFileReference; lastKnownFileType = text.plist.xml; path = Info.plist; sourceTree = "<group>"; };
		E983F1D719E9C76F00219305 /* AppDelegate.swift */ = {isa = PBXFileReference; lastKnownFileType = sourcecode.swift; path = AppDelegate.swift; sourceTree = "<group>"; };
		E983F1D919E9C76F00219305 /* VCardSourcesViewController.swift */ = {isa = PBXFileReference; lastKnownFileType = sourcecode.swift; path = VCardSourcesViewController.swift; sourceTree = "<group>"; };
		E983F1DE19E9C76F00219305 /* Images.xcassets */ = {isa = PBXFileReference; lastKnownFileType = folder.assetcatalog; path = Images.xcassets; sourceTree = "<group>"; };
		E983F1E119E9C76F00219305 /* Base */ = {isa = PBXFileReference; lastKnownFileType = file.xib; name = Base; path = Base.lproj/LaunchScreen.xib; sourceTree = "<group>"; };
		E983F1E719E9C76F00219305 /* Test.xctest */ = {isa = PBXFileReference; explicitFileType = wrapper.cfbundle; includeInIndex = 0; path = Test.xctest; sourceTree = BUILT_PRODUCTS_DIR; };
		E983F1EC19E9C76F00219305 /* Info.plist */ = {isa = PBXFileReference; lastKnownFileType = text.plist.xml; path = Info.plist; sourceTree = "<group>"; };
		E98FD3F31A508B5300A9DB27 /* FilesTests.swift */ = {isa = PBXFileReference; fileEncoding = 4; lastKnownFileType = sourcecode.swift; path = FilesTests.swift; sourceTree = "<group>"; };
		E9916B391A3DEAAC00378CC2 /* RecordChangeSet.swift */ = {isa = PBXFileReference; fileEncoding = 4; lastKnownFileType = sourcecode.swift; path = RecordChangeSet.swift; sourceTree = "<group>"; };
		E9B9B9F31A5BF653004C53CA /* VCardToolbar.swift */ = {isa = PBXFileReference; fileEncoding = 4; lastKnownFileType = sourcecode.swift; path = VCardToolbar.swift; sourceTree = "<group>"; };
		E9C46E6A1A4A3C3F004BD769 /* Condition.swift */ = {isa = PBXFileReference; fileEncoding = 4; lastKnownFileType = sourcecode.swift; path = Condition.swift; sourceTree = "<group>"; };
		E9C46E6B1A4A3C3F004BD769 /* Future.swift */ = {isa = PBXFileReference; fileEncoding = 4; lastKnownFileType = sourcecode.swift; path = Future.swift; sourceTree = "<group>"; };
		E9C46E6C1A4A3C3F004BD769 /* Semaphore.swift */ = {isa = PBXFileReference; fileEncoding = 4; lastKnownFileType = sourcecode.swift; path = Semaphore.swift; sourceTree = "<group>"; };
		E9C46E6D1A4A3C3F004BD769 /* Try.swift */ = {isa = PBXFileReference; fileEncoding = 4; lastKnownFileType = sourcecode.swift; path = Try.swift; sourceTree = "<group>"; };
		E9C46E721A4A3C98004BD769 /* URLConnection.swift */ = {isa = PBXFileReference; fileEncoding = 4; lastKnownFileType = sourcecode.swift; path = URLConnection.swift; sourceTree = "<group>"; };
		E9CF04B11A3CE02A00A13EF6 /* CoreExtension.swift */ = {isa = PBXFileReference; fileEncoding = 4; lastKnownFileType = sourcecode.swift; path = CoreExtension.swift; sourceTree = "<group>"; };
		E9CF04B31A3CE14400A13EF6 /* CoreExtensionTests.swift */ = {isa = PBXFileReference; fileEncoding = 4; lastKnownFileType = sourcecode.swift; path = CoreExtensionTests.swift; sourceTree = "<group>"; };
		E9EB13111A3EB4C2002BC521 /* Records.swift */ = {isa = PBXFileReference; fileEncoding = 4; lastKnownFileType = sourcecode.swift; path = Records.swift; sourceTree = "<group>"; };
		E9EF164D1A61C9E800CDC1E8 /* InsertionOrderDictionary.swift */ = {isa = PBXFileReference; fileEncoding = 4; lastKnownFileType = sourcecode.swift; path = InsertionOrderDictionary.swift; sourceTree = "<group>"; };
		E9EF164F1A61DEB500CDC1E8 /* InsertionOrderDictionaryTests.swift */ = {isa = PBXFileReference; fileEncoding = 4; lastKnownFileType = sourcecode.swift; path = InsertionOrderDictionaryTests.swift; sourceTree = "<group>"; };
		E9F2289B1A43819200A10190 /* RecordDifferencesTests.swift */ = {isa = PBXFileReference; fileEncoding = 4; lastKnownFileType = sourcecode.swift; path = RecordDifferencesTests.swift; sourceTree = "<group>"; };
		E9F2289D1A438A7E00A10190 /* RecordDifferences.swift */ = {isa = PBXFileReference; fileEncoding = 4; lastKnownFileType = sourcecode.swift; path = RecordDifferences.swift; sourceTree = "<group>"; };
		E9F31E111A0FD2570015509F /* Errors.swift */ = {isa = PBXFileReference; fileEncoding = 4; lastKnownFileType = sourcecode.swift; path = Errors.swift; sourceTree = "<group>"; };
		E9F9D85B1A360F5F0054DCB8 /* AppContext.swift */ = {isa = PBXFileReference; fileEncoding = 4; lastKnownFileType = sourcecode.swift; path = AppContext.swift; sourceTree = "<group>"; };
		E9F9D85D1A3619060054DCB8 /* VCardSourcesDataSource.swift */ = {isa = PBXFileReference; fileEncoding = 4; lastKnownFileType = sourcecode.swift; path = VCardSourcesDataSource.swift; sourceTree = "<group>"; };
		E9F9D85F1A361C1B0054DCB8 /* Config.swift */ = {isa = PBXFileReference; fileEncoding = 4; lastKnownFileType = sourcecode.swift; path = Config.swift; sourceTree = "<group>"; };
/* End PBXFileReference section */

/* Begin PBXFrameworksBuildPhase section */
		E983F1CF19E9C76F00219305 /* Frameworks */ = {
			isa = PBXFrameworksBuildPhase;
			buildActionMask = 2147483647;
			files = (
			);
			runOnlyForDeploymentPostprocessing = 0;
		};
		E983F1E419E9C76F00219305 /* Frameworks */ = {
			isa = PBXFrameworksBuildPhase;
			buildActionMask = 2147483647;
			files = (
			);
			runOnlyForDeploymentPostprocessing = 0;
		};
/* End PBXFrameworksBuildPhase section */

/* Begin PBXGroup section */
		E983F1C919E9C76F00219305 = {
			isa = PBXGroup;
			children = (
				E983F1D419E9C76F00219305 /* Source */,
				E983F1EA19E9C76F00219305 /* Test */,
				E983F1D319E9C76F00219305 /* Products */,
			);
			sourceTree = "<group>";
		};
		E983F1D319E9C76F00219305 /* Products */ = {
			isa = PBXGroup;
			children = (
				E983F1D219E9C76F00219305 /* vCardImport.app */,
				E983F1E719E9C76F00219305 /* Test.xctest */,
			);
			name = Products;
			sourceTree = "<group>";
		};
		E983F1D419E9C76F00219305 /* Source */ = {
			isa = PBXGroup;
			children = (
				E9CF04B11A3CE02A00A13EF6 /* CoreExtension.swift */,
				E9EF164D1A61C9E800CDC1E8 /* InsertionOrderDictionary.swift */,
				E9C46E6C1A4A3C3F004BD769 /* Semaphore.swift */,
				E9C46E6A1A4A3C3F004BD769 /* Condition.swift */,
				E9C46E6D1A4A3C3F004BD769 /* Try.swift */,
				E9C46E6B1A4A3C3F004BD769 /* Future.swift */,
				E9F9D85F1A361C1B0054DCB8 /* Config.swift */,
				E969253F1A4F7CF000B6427A /* QueueExecution.swift */,
				E947E1581A4F87A200513F77 /* Files.swift */,
				E9F9D85B1A360F5F0054DCB8 /* AppContext.swift */,
				E983F1D719E9C76F00219305 /* AppDelegate.swift */,
				E90684B01A58B17900728D0B /* DictionaryConvertible.swift */,
				E9F31E111A0FD2570015509F /* Errors.swift */,
				E927D3F31A5A064400E8DEE6 /* JSONSerialization.swift */,
				E9EB13111A3EB4C2002BC521 /* Records.swift */,
				E9916B391A3DEAAC00378CC2 /* RecordChangeSet.swift */,
				E9F2289D1A438A7E00A10190 /* RecordDifferences.swift */,
				E948973F1A473E0D004BA838 /* RecordName.swift */,
				E9C46E721A4A3C98004BD769 /* URLConnection.swift */,
				E97B6C0C1A34A3F900B4D3E6 /* VCardSource.swift */,
				E97B6C0A1A34A1F100B4D3E6 /* VCardSourceStore.swift */,
				E97DE1831A0EC80D005FAB7D /* VCardImporter.swift */,
				E90684AB1A589F0700728D0B /* VCardSourceCell.swift */,
				E9B9B9F31A5BF653004C53CA /* VCardToolbar.swift */,
				E9F9D85D1A3619060054DCB8 /* VCardSourcesDataSource.swift */,
				E983F1D919E9C76F00219305 /* VCardSourcesViewController.swift */,
				E95E95AC19F4380F002D864B /* VCardSourceDetailViewController.swift */,
				E95E95AE19F43862002D864B /* VCardSourceDetailViewController.xib */,
				E90AB3AF1A64795B002A3A51 /* TextFieldValidator.swift */,
				E983F1DE19E9C76F00219305 /* Images.xcassets */,
				E983F1E019E9C76F00219305 /* LaunchScreen.xib */,
				E983F1D519E9C76F00219305 /* Supporting Files */,
			);
			path = Source;
			sourceTree = "<group>";
		};
		E983F1D519E9C76F00219305 /* Supporting Files */ = {
			isa = PBXGroup;
			children = (
				E9375BC81A0ED1120065A042 /* example-contacts.vcf */,
				E983F1D619E9C76F00219305 /* Info.plist */,
			);
			name = "Supporting Files";
			sourceTree = "<group>";
		};
		E983F1EA19E9C76F00219305 /* Test */ = {
			isa = PBXGroup;
			children = (
				E9CF04B31A3CE14400A13EF6 /* CoreExtensionTests.swift */,
				E9EF164F1A61DEB500CDC1E8 /* InsertionOrderDictionaryTests.swift */,
				E98FD3F31A508B5300A9DB27 /* FilesTests.swift */,
				E9F2289B1A43819200A10190 /* RecordDifferencesTests.swift */,
				E983F1EB19E9C76F00219305 /* Supporting Files */,
			);
			path = Test;
			sourceTree = "<group>";
		};
		E983F1EB19E9C76F00219305 /* Supporting Files */ = {
			isa = PBXGroup;
			children = (
				E983F1EC19E9C76F00219305 /* Info.plist */,
			);
			name = "Supporting Files";
			sourceTree = "<group>";
		};
/* End PBXGroup section */

/* Begin PBXNativeTarget section */
		E983F1D119E9C76F00219305 /* vCardImport */ = {
			isa = PBXNativeTarget;
			buildConfigurationList = E983F1F119E9C76F00219305 /* Build configuration list for PBXNativeTarget "vCardImport" */;
			buildPhases = (
				E983F1CE19E9C76F00219305 /* Sources */,
				E983F1CF19E9C76F00219305 /* Frameworks */,
				E983F1D019E9C76F00219305 /* Resources */,
				E97E1BF71A4CA335000DA85F /* Copy Frameworks */,
			);
			buildRules = (
			);
			dependencies = (
			);
			name = vCardImport;
			productName = vCardImport;
			productReference = E983F1D219E9C76F00219305 /* vCardImport.app */;
			productType = "com.apple.product-type.application";
		};
		E983F1E619E9C76F00219305 /* Test */ = {
			isa = PBXNativeTarget;
			buildConfigurationList = E983F1F419E9C76F00219305 /* Build configuration list for PBXNativeTarget "Test" */;
			buildPhases = (
				E983F1E319E9C76F00219305 /* Sources */,
				E983F1E419E9C76F00219305 /* Frameworks */,
				E983F1E519E9C76F00219305 /* Resources */,
			);
			buildRules = (
			);
			dependencies = (
				E983F1E919E9C76F00219305 /* PBXTargetDependency */,
			);
			name = Test;
			productName = Test;
			productReference = E983F1E719E9C76F00219305 /* Test.xctest */;
			productType = "com.apple.product-type.bundle.unit-test";
		};
/* End PBXNativeTarget section */

/* Begin PBXProject section */
		E983F1CA19E9C76F00219305 /* Project object */ = {
			isa = PBXProject;
			attributes = {
				CLASSPREFIX = "";
				LastUpgradeCheck = 0600;
				ORGANIZATIONNAME = "Tuomas Kareinen";
				TargetAttributes = {
					E983F1D119E9C76F00219305 = {
						CreatedOnToolsVersion = 6.0.1;
						DevelopmentTeam = R235CYQ493;
					};
					E983F1E619E9C76F00219305 = {
						CreatedOnToolsVersion = 6.0.1;
						DevelopmentTeam = R235CYQ493;
						TestTargetID = E983F1D119E9C76F00219305;
					};
				};
			};
			buildConfigurationList = E983F1CD19E9C76F00219305 /* Build configuration list for PBXProject "VCardImport" */;
			compatibilityVersion = "Xcode 3.2";
			developmentRegion = English;
			hasScannedForEncodings = 0;
			knownRegions = (
				en,
				Base,
			);
			mainGroup = E983F1C919E9C76F00219305;
			productRefGroup = E983F1D319E9C76F00219305 /* Products */;
			projectDirPath = "";
			projectRoot = "";
			targets = (
				E983F1D119E9C76F00219305 /* vCardImport */,
				E983F1E619E9C76F00219305 /* Test */,
			);
		};
/* End PBXProject section */

/* Begin PBXResourcesBuildPhase section */
		E983F1D019E9C76F00219305 /* Resources */ = {
			isa = PBXResourcesBuildPhase;
			buildActionMask = 2147483647;
			files = (
				E983F1E219E9C76F00219305 /* LaunchScreen.xib in Resources */,
				E9375BC91A0ED1120065A042 /* example-contacts.vcf in Resources */,
				E95E95AF19F43862002D864B /* VCardSourceDetailViewController.xib in Resources */,
				E983F1DF19E9C76F00219305 /* Images.xcassets in Resources */,
			);
			runOnlyForDeploymentPostprocessing = 0;
		};
		E983F1E519E9C76F00219305 /* Resources */ = {
			isa = PBXResourcesBuildPhase;
			buildActionMask = 2147483647;
			files = (
			);
			runOnlyForDeploymentPostprocessing = 0;
		};
/* End PBXResourcesBuildPhase section */

/* Begin PBXSourcesBuildPhase section */
		E983F1CE19E9C76F00219305 /* Sources */ = {
			isa = PBXSourcesBuildPhase;
			buildActionMask = 2147483647;
			files = (
				E9CF04B21A3CE02A00A13EF6 /* CoreExtension.swift in Sources */,
				E947E1591A4F87A200513F77 /* Files.swift in Sources */,
				E9C46E701A4A3C3F004BD769 /* Semaphore.swift in Sources */,
				E9C46E6E1A4A3C3F004BD769 /* Condition.swift in Sources */,
				E9C46E711A4A3C3F004BD769 /* Try.swift in Sources */,
				E9C46E6F1A4A3C3F004BD769 /* Future.swift in Sources */,
				E9F31E121A0FD2570015509F /* Errors.swift in Sources */,
				E9EB13121A3EB4C2002BC521 /* Records.swift in Sources */,
				E9B9B9F41A5BF653004C53CA /* VCardToolbar.swift in Sources */,
				E90AB3B01A64795B002A3A51 /* TextFieldValidator.swift in Sources */,
				E9EF164E1A61C9E800CDC1E8 /* InsertionOrderDictionary.swift in Sources */,
				E94897401A473E0D004BA838 /* RecordName.swift in Sources */,
				E90684B11A58B17900728D0B /* DictionaryConvertible.swift in Sources */,
				E90684AC1A589F0700728D0B /* VCardSourceCell.swift in Sources */,
				E9916B3A1A3DEAAC00378CC2 /* RecordChangeSet.swift in Sources */,
				E9F2289E1A438A7E00A10190 /* RecordDifferences.swift in Sources */,
				E96925401A4F7CF000B6427A /* QueueExecution.swift in Sources */,
				E97DE1841A0EC80D005FAB7D /* VCardImporter.swift in Sources */,
				E97B6C0D1A34A3F900B4D3E6 /* VCardSource.swift in Sources */,
				E9F9D85C1A360F5F0054DCB8 /* AppContext.swift in Sources */,
				E983F1D819E9C76F00219305 /* AppDelegate.swift in Sources */,
				E927D3F41A5A064400E8DEE6 /* JSONSerialization.swift in Sources */,
				E9F9D8601A361C1B0054DCB8 /* Config.swift in Sources */,
				E9C46E731A4A3C98004BD769 /* URLConnection.swift in Sources */,
				E97B6C0B1A34A1F100B4D3E6 /* VCardSourceStore.swift in Sources */,
				E95E95AD19F4380F002D864B /* VCardSourceDetailViewController.swift in Sources */,
				E9F9D85E1A3619060054DCB8 /* VCardSourcesDataSource.swift in Sources */,
				E983F1DA19E9C76F00219305 /* VCardSourcesViewController.swift in Sources */,
			);
			runOnlyForDeploymentPostprocessing = 0;
		};
		E983F1E319E9C76F00219305 /* Sources */ = {
			isa = PBXSourcesBuildPhase;
			buildActionMask = 2147483647;
			files = (
				E9CF04B51A3CE40E00A13EF6 /* CoreExtension.swift in Sources */,
				E9EF16511A61DFC400CDC1E8 /* InsertionOrderDictionary.swift in Sources */,
				E9F228A21A43938E00A10190 /* Errors.swift in Sources */,
				E98FD3F61A508BB300A9DB27 /* Files.swift in Sources */,
				E9F2289F1A43934B00A10190 /* Records.swift in Sources */,
				E94897411A47448C004BA838 /* RecordName.swift in Sources */,
				E9F228A01A43934B00A10190 /* RecordChangeSet.swift in Sources */,
				E98FD3F41A508B5300A9DB27 /* FilesTests.swift in Sources */,
				E9EF16501A61DEB500CDC1E8 /* InsertionOrderDictionaryTests.swift in Sources */,
				E9F228A11A43934B00A10190 /* RecordDifferences.swift in Sources */,
				E9CF04B41A3CE14400A13EF6 /* CoreExtensionTests.swift in Sources */,
				E9F2289C1A43819200A10190 /* RecordDifferencesTests.swift in Sources */,
			);
			runOnlyForDeploymentPostprocessing = 0;
		};
/* End PBXSourcesBuildPhase section */

/* Begin PBXTargetDependency section */
		E983F1E919E9C76F00219305 /* PBXTargetDependency */ = {
			isa = PBXTargetDependency;
			target = E983F1D119E9C76F00219305 /* vCardImport */;
			targetProxy = E983F1E819E9C76F00219305 /* PBXContainerItemProxy */;
		};
/* End PBXTargetDependency section */

/* Begin PBXVariantGroup section */
		E983F1E019E9C76F00219305 /* LaunchScreen.xib */ = {
			isa = PBXVariantGroup;
			children = (
				E983F1E119E9C76F00219305 /* Base */,
			);
			name = LaunchScreen.xib;
			sourceTree = "<group>";
		};
/* End PBXVariantGroup section */

/* Begin XCBuildConfiguration section */
		E983F1EF19E9C76F00219305 /* Debug */ = {
			isa = XCBuildConfiguration;
			buildSettings = {
				ALWAYS_SEARCH_USER_PATHS = NO;
				CLANG_CXX_LANGUAGE_STANDARD = "gnu++0x";
				CLANG_CXX_LIBRARY = "libc++";
				CLANG_ENABLE_MODULES = YES;
				CLANG_ENABLE_OBJC_ARC = YES;
				CLANG_WARN_BOOL_CONVERSION = YES;
				CLANG_WARN_CONSTANT_CONVERSION = YES;
				CLANG_WARN_DIRECT_OBJC_ISA_USAGE = YES_ERROR;
				CLANG_WARN_EMPTY_BODY = YES;
				CLANG_WARN_ENUM_CONVERSION = YES;
				CLANG_WARN_INT_CONVERSION = YES;
				CLANG_WARN_OBJC_ROOT_CLASS = YES_ERROR;
				CLANG_WARN_UNREACHABLE_CODE = YES;
				CLANG_WARN__DUPLICATE_METHOD_MATCH = YES;
				"CODE_SIGN_IDENTITY[sdk=iphoneos*]" = "iPhone Developer";
				COPY_PHASE_STRIP = NO;
				ENABLE_STRICT_OBJC_MSGSEND = YES;
				GCC_C_LANGUAGE_STANDARD = gnu99;
				GCC_DYNAMIC_NO_PIC = NO;
				GCC_OPTIMIZATION_LEVEL = 0;
				GCC_PREPROCESSOR_DEFINITIONS = (
					"DEBUG=1",
					"$(inherited)",
				);
				GCC_SYMBOLS_PRIVATE_EXTERN = NO;
				GCC_TREAT_WARNINGS_AS_ERRORS = YES;
				GCC_WARN_64_TO_32_BIT_CONVERSION = YES;
				GCC_WARN_ABOUT_RETURN_TYPE = YES_ERROR;
				GCC_WARN_UNDECLARED_SELECTOR = YES;
				GCC_WARN_UNINITIALIZED_AUTOS = YES_AGGRESSIVE;
				GCC_WARN_UNUSED_FUNCTION = YES;
				GCC_WARN_UNUSED_VARIABLE = YES;
				IPHONEOS_DEPLOYMENT_TARGET = 8.0;
				MTL_ENABLE_DEBUG_INFO = YES;
				ONLY_ACTIVE_ARCH = YES;
				RUN_CLANG_STATIC_ANALYZER = YES;
				SDKROOT = iphoneos;
				SWIFT_OPTIMIZATION_LEVEL = "-Onone";
				TARGETED_DEVICE_FAMILY = "1,2";
				WARNING_CFLAGS = (
					"-Wextra",
					"-Wall",
				);
			};
			name = Debug;
		};
		E983F1F019E9C76F00219305 /* Release */ = {
			isa = XCBuildConfiguration;
			buildSettings = {
				ALWAYS_SEARCH_USER_PATHS = NO;
				CLANG_CXX_LANGUAGE_STANDARD = "gnu++0x";
				CLANG_CXX_LIBRARY = "libc++";
				CLANG_ENABLE_MODULES = YES;
				CLANG_ENABLE_OBJC_ARC = YES;
				CLANG_WARN_BOOL_CONVERSION = YES;
				CLANG_WARN_CONSTANT_CONVERSION = YES;
				CLANG_WARN_DIRECT_OBJC_ISA_USAGE = YES_ERROR;
				CLANG_WARN_EMPTY_BODY = YES;
				CLANG_WARN_ENUM_CONVERSION = YES;
				CLANG_WARN_INT_CONVERSION = YES;
				CLANG_WARN_OBJC_ROOT_CLASS = YES_ERROR;
				CLANG_WARN_UNREACHABLE_CODE = YES;
				CLANG_WARN__DUPLICATE_METHOD_MATCH = YES;
				"CODE_SIGN_IDENTITY[sdk=iphoneos*]" = "iPhone Developer";
				COPY_PHASE_STRIP = YES;
				ENABLE_NS_ASSERTIONS = NO;
				ENABLE_STRICT_OBJC_MSGSEND = YES;
				GCC_C_LANGUAGE_STANDARD = gnu99;
				GCC_TREAT_WARNINGS_AS_ERRORS = YES;
				GCC_WARN_64_TO_32_BIT_CONVERSION = YES;
				GCC_WARN_ABOUT_RETURN_TYPE = YES_ERROR;
				GCC_WARN_UNDECLARED_SELECTOR = YES;
				GCC_WARN_UNINITIALIZED_AUTOS = YES_AGGRESSIVE;
				GCC_WARN_UNUSED_FUNCTION = YES;
				GCC_WARN_UNUSED_VARIABLE = YES;
				IPHONEOS_DEPLOYMENT_TARGET = 8.0;
				MTL_ENABLE_DEBUG_INFO = NO;
				RUN_CLANG_STATIC_ANALYZER = YES;
				SDKROOT = iphoneos;
				TARGETED_DEVICE_FAMILY = "1,2";
				VALIDATE_PRODUCT = YES;
				WARNING_CFLAGS = (
					"-Wextra",
					"-Wall",
				);
			};
			name = Release;
		};
		E983F1F219E9C76F00219305 /* Debug */ = {
			isa = XCBuildConfiguration;
			buildSettings = {
				ASSETCATALOG_COMPILER_APPICON_NAME = AppIcon;
				CODE_SIGN_IDENTITY = "iPhone Developer";
				"CODE_SIGN_IDENTITY[sdk=iphoneos*]" = "iPhone Developer";
				INFOPLIST_FILE = Source/Info.plist;
				LD_RUNPATH_SEARCH_PATHS = "$(inherited) @executable_path/Frameworks";
				PRODUCT_NAME = "$(TARGET_NAME)";
				PROVISIONING_PROFILE = "";
			};
			name = Debug;
		};
		E983F1F319E9C76F00219305 /* Release */ = {
			isa = XCBuildConfiguration;
			buildSettings = {
				ASSETCATALOG_COMPILER_APPICON_NAME = AppIcon;
				CODE_SIGN_IDENTITY = "iPhone Developer";
				"CODE_SIGN_IDENTITY[sdk=iphoneos*]" = "iPhone Developer";
				INFOPLIST_FILE = Source/Info.plist;
				LD_RUNPATH_SEARCH_PATHS = "$(inherited) @executable_path/Frameworks";
				PRODUCT_NAME = "$(TARGET_NAME)";
				PROVISIONING_PROFILE = "";
			};
			name = Release;
		};
		E983F1F519E9C76F00219305 /* Debug */ = {
			isa = XCBuildConfiguration;
			buildSettings = {
				BUNDLE_LOADER = "$(TEST_HOST)";
				FRAMEWORK_SEARCH_PATHS = (
					"$(SDKROOT)/Developer/Library/Frameworks",
					"$(inherited)",
				);
				GCC_PREPROCESSOR_DEFINITIONS = (
					"DEBUG=1",
					"$(inherited)",
				);
				INFOPLIST_FILE = Test/Info.plist;
				LD_RUNPATH_SEARCH_PATHS = "$(inherited) @executable_path/Frameworks @loader_path/Frameworks";
				PRODUCT_NAME = "$(TARGET_NAME)";
				TEST_HOST = "$(BUILT_PRODUCTS_DIR)/vCardImport.app/vCardImport";
			};
			name = Debug;
		};
		E983F1F619E9C76F00219305 /* Release */ = {
			isa = XCBuildConfiguration;
			buildSettings = {
				BUNDLE_LOADER = "$(TEST_HOST)";
				FRAMEWORK_SEARCH_PATHS = (
					"$(SDKROOT)/Developer/Library/Frameworks",
					"$(inherited)",
				);
				INFOPLIST_FILE = Test/Info.plist;
				LD_RUNPATH_SEARCH_PATHS = "$(inherited) @executable_path/Frameworks @loader_path/Frameworks";
				PRODUCT_NAME = "$(TARGET_NAME)";
				TEST_HOST = "$(BUILT_PRODUCTS_DIR)/vCardImport.app/vCardImport";
			};
			name = Release;
		};
/* End XCBuildConfiguration section */

/* Begin XCConfigurationList section */
		E983F1CD19E9C76F00219305 /* Build configuration list for PBXProject "VCardImport" */ = {
			isa = XCConfigurationList;
			buildConfigurations = (
				E983F1EF19E9C76F00219305 /* Debug */,
				E983F1F019E9C76F00219305 /* Release */,
			);
			defaultConfigurationIsVisible = 0;
			defaultConfigurationName = Release;
		};
		E983F1F119E9C76F00219305 /* Build configuration list for PBXNativeTarget "vCardImport" */ = {
			isa = XCConfigurationList;
			buildConfigurations = (
				E983F1F219E9C76F00219305 /* Debug */,
				E983F1F319E9C76F00219305 /* Release */,
			);
			defaultConfigurationIsVisible = 0;
			defaultConfigurationName = Release;
		};
		E983F1F419E9C76F00219305 /* Build configuration list for PBXNativeTarget "Test" */ = {
			isa = XCConfigurationList;
			buildConfigurations = (
				E983F1F519E9C76F00219305 /* Debug */,
				E983F1F619E9C76F00219305 /* Release */,
			);
			defaultConfigurationIsVisible = 0;
			defaultConfigurationName = Release;
		};
/* End XCConfigurationList section */
	};
	rootObject = E983F1CA19E9C76F00219305 /* Project object */;
}
