// !$*UTF8*$!
{
	archiveVersion = 1;
	classes = {
	};
	objectVersion = 46;
	objects = {

/* Begin PBXBuildFile section */
		E9375BC91A0ED1120065A042 /* example-contacts.vcf in Resources */ = {isa = PBXBuildFile; fileRef = E9375BC81A0ED1120065A042 /* example-contacts.vcf */; };
		E95E95AD19F4380F002D864B /* VCardSourceDetailViewController.swift in Sources */ = {isa = PBXBuildFile; fileRef = E95E95AC19F4380F002D864B /* VCardSourceDetailViewController.swift */; };
		E95E95AF19F43862002D864B /* VCardSourceDetailViewController.xib in Resources */ = {isa = PBXBuildFile; fileRef = E95E95AE19F43862002D864B /* VCardSourceDetailViewController.xib */; };
		E97DE1841A0EC80D005FAB7D /* VCardImporter.swift in Sources */ = {isa = PBXBuildFile; fileRef = E97DE1831A0EC80D005FAB7D /* VCardImporter.swift */; };
		E983F1D819E9C76F00219305 /* AppDelegate.swift in Sources */ = {isa = PBXBuildFile; fileRef = E983F1D719E9C76F00219305 /* AppDelegate.swift */; };
		E983F1DA19E9C76F00219305 /* VCardSourcesViewController.swift in Sources */ = {isa = PBXBuildFile; fileRef = E983F1D919E9C76F00219305 /* VCardSourcesViewController.swift */; };
		E983F1DF19E9C76F00219305 /* Images.xcassets in Resources */ = {isa = PBXBuildFile; fileRef = E983F1DE19E9C76F00219305 /* Images.xcassets */; };
		E983F1E219E9C76F00219305 /* LaunchScreen.xib in Resources */ = {isa = PBXBuildFile; fileRef = E983F1E019E9C76F00219305 /* LaunchScreen.xib */; };
		E983F1EE19E9C76F00219305 /* vCardImportTests.swift in Sources */ = {isa = PBXBuildFile; fileRef = E983F1ED19E9C76F00219305 /* vCardImportTests.swift */; };
		E9F31E121A0FD2570015509F /* VCardErrors.swift in Sources */ = {isa = PBXBuildFile; fileRef = E9F31E111A0FD2570015509F /* VCardErrors.swift */; };
/* End PBXBuildFile section */

/* Begin PBXContainerItemProxy section */
		E983F1E819E9C76F00219305 /* PBXContainerItemProxy */ = {
			isa = PBXContainerItemProxy;
			containerPortal = E983F1CA19E9C76F00219305 /* Project object */;
			proxyType = 1;
			remoteGlobalIDString = E983F1D119E9C76F00219305;
			remoteInfo = vCardImport;
		};
/* End PBXContainerItemProxy section */

/* Begin PBXFileReference section */
		E9375BC81A0ED1120065A042 /* example-contacts.vcf */ = {isa = PBXFileReference; fileEncoding = 4; lastKnownFileType = text; path = "example-contacts.vcf"; sourceTree = "<group>"; };
		E95E95AC19F4380F002D864B /* VCardSourceDetailViewController.swift */ = {isa = PBXFileReference; fileEncoding = 4; lastKnownFileType = sourcecode.swift; path = VCardSourceDetailViewController.swift; sourceTree = "<group>"; };
		E95E95AE19F43862002D864B /* VCardSourceDetailViewController.xib */ = {isa = PBXFileReference; fileEncoding = 4; lastKnownFileType = file.xib; path = VCardSourceDetailViewController.xib; sourceTree = "<group>"; };
		E97DE1831A0EC80D005FAB7D /* VCardImporter.swift */ = {isa = PBXFileReference; fileEncoding = 4; lastKnownFileType = sourcecode.swift; path = VCardImporter.swift; sourceTree = "<group>"; };
		E983F1D219E9C76F00219305 /* vCardImport.app */ = {isa = PBXFileReference; explicitFileType = wrapper.application; includeInIndex = 0; path = vCardImport.app; sourceTree = BUILT_PRODUCTS_DIR; };
		E983F1D619E9C76F00219305 /* Info.plist */ = {isa = PBXFileReference; lastKnownFileType = text.plist.xml; path = Info.plist; sourceTree = "<group>"; };
		E983F1D719E9C76F00219305 /* AppDelegate.swift */ = {isa = PBXFileReference; lastKnownFileType = sourcecode.swift; path = AppDelegate.swift; sourceTree = "<group>"; };
		E983F1D919E9C76F00219305 /* VCardSourcesViewController.swift */ = {isa = PBXFileReference; lastKnownFileType = sourcecode.swift; path = VCardSourcesViewController.swift; sourceTree = "<group>"; };
		E983F1DE19E9C76F00219305 /* Images.xcassets */ = {isa = PBXFileReference; lastKnownFileType = folder.assetcatalog; path = Images.xcassets; sourceTree = "<group>"; };
		E983F1E119E9C76F00219305 /* Base */ = {isa = PBXFileReference; lastKnownFileType = file.xib; name = Base; path = Base.lproj/LaunchScreen.xib; sourceTree = "<group>"; };
		E983F1E719E9C76F00219305 /* vCardImportTests.xctest */ = {isa = PBXFileReference; explicitFileType = wrapper.cfbundle; includeInIndex = 0; path = vCardImportTests.xctest; sourceTree = BUILT_PRODUCTS_DIR; };
		E983F1EC19E9C76F00219305 /* Info.plist */ = {isa = PBXFileReference; lastKnownFileType = text.plist.xml; path = Info.plist; sourceTree = "<group>"; };
		E983F1ED19E9C76F00219305 /* vCardImportTests.swift */ = {isa = PBXFileReference; lastKnownFileType = sourcecode.swift; path = vCardImportTests.swift; sourceTree = "<group>"; };
		E9F31E111A0FD2570015509F /* VCardErrors.swift */ = {isa = PBXFileReference; fileEncoding = 4; lastKnownFileType = sourcecode.swift; path = VCardErrors.swift; sourceTree = "<group>"; };
/* End PBXFileReference section */

/* Begin PBXFrameworksBuildPhase section */
		E983F1CF19E9C76F00219305 /* Frameworks */ = {
			isa = PBXFrameworksBuildPhase;
			buildActionMask = 2147483647;
			files = (
			);
			runOnlyForDeploymentPostprocessing = 0;
		};
		E983F1E419E9C76F00219305 /* Frameworks */ = {
			isa = PBXFrameworksBuildPhase;
			buildActionMask = 2147483647;
			files = (
			);
			runOnlyForDeploymentPostprocessing = 0;
		};
/* End PBXFrameworksBuildPhase section */

/* Begin PBXGroup section */
		E983F1C919E9C76F00219305 = {
			isa = PBXGroup;
			children = (
				E983F1D419E9C76F00219305 /* vCardImport */,
				E983F1EA19E9C76F00219305 /* vCardImportTests */,
				E983F1D319E9C76F00219305 /* Products */,
			);
			sourceTree = "<group>";
		};
		E983F1D319E9C76F00219305 /* Products */ = {
			isa = PBXGroup;
			children = (
				E983F1D219E9C76F00219305 /* vCardImport.app */,
				E983F1E719E9C76F00219305 /* vCardImportTests.xctest */,
			);
			name = Products;
			sourceTree = "<group>";
		};
		E983F1D419E9C76F00219305 /* vCardImport */ = {
			isa = PBXGroup;
			children = (
				E983F1D719E9C76F00219305 /* AppDelegate.swift */,
				E9F31E111A0FD2570015509F /* VCardErrors.swift */,
				E97DE1831A0EC80D005FAB7D /* VCardImporter.swift */,
				E983F1D919E9C76F00219305 /* VCardSourcesViewController.swift */,
				E95E95AC19F4380F002D864B /* VCardSourceDetailViewController.swift */,
				E95E95AE19F43862002D864B /* VCardSourceDetailViewController.xib */,
				E983F1DE19E9C76F00219305 /* Images.xcassets */,
				E983F1E019E9C76F00219305 /* LaunchScreen.xib */,
				E983F1D519E9C76F00219305 /* Supporting Files */,
			);
			path = vCardImport;
			sourceTree = "<group>";
		};
		E983F1D519E9C76F00219305 /* Supporting Files */ = {
			isa = PBXGroup;
			children = (
				E9375BC81A0ED1120065A042 /* example-contacts.vcf */,
				E983F1D619E9C76F00219305 /* Info.plist */,
			);
			name = "Supporting Files";
			sourceTree = "<group>";
		};
		E983F1EA19E9C76F00219305 /* vCardImportTests */ = {
			isa = PBXGroup;
			children = (
				E983F1ED19E9C76F00219305 /* vCardImportTests.swift */,
				E983F1EB19E9C76F00219305 /* Supporting Files */,
			);
			path = vCardImportTests;
			sourceTree = "<group>";
		};
		E983F1EB19E9C76F00219305 /* Supporting Files */ = {
			isa = PBXGroup;
			children = (
				E983F1EC19E9C76F00219305 /* Info.plist */,
			);
			name = "Supporting Files";
			sourceTree = "<group>";
		};
/* End PBXGroup section */

/* Begin PBXNativeTarget section */
		E983F1D119E9C76F00219305 /* vCardImport */ = {
			isa = PBXNativeTarget;
			buildConfigurationList = E983F1F119E9C76F00219305 /* Build configuration list for PBXNativeTarget "vCardImport" */;
			buildPhases = (
				E983F1CE19E9C76F00219305 /* Sources */,
				E983F1CF19E9C76F00219305 /* Frameworks */,
				E983F1D019E9C76F00219305 /* Resources */,
			);
			buildRules = (
			);
			dependencies = (
			);
			name = vCardImport;
			productName = vCardImport;
			productReference = E983F1D219E9C76F00219305 /* vCardImport.app */;
			productType = "com.apple.product-type.application";
		};
		E983F1E619E9C76F00219305 /* vCardImportTests */ = {
			isa = PBXNativeTarget;
			buildConfigurationList = E983F1F419E9C76F00219305 /* Build configuration list for PBXNativeTarget "vCardImportTests" */;
			buildPhases = (
				E983F1E319E9C76F00219305 /* Sources */,
				E983F1E419E9C76F00219305 /* Frameworks */,
				E983F1E519E9C76F00219305 /* Resources */,
			);
			buildRules = (
			);
			dependencies = (
				E983F1E919E9C76F00219305 /* PBXTargetDependency */,
			);
			name = vCardImportTests;
			productName = vCardImportTests;
			productReference = E983F1E719E9C76F00219305 /* vCardImportTests.xctest */;
			productType = "com.apple.product-type.bundle.unit-test";
		};
/* End PBXNativeTarget section */

/* Begin PBXProject section */
		E983F1CA19E9C76F00219305 /* Project object */ = {
			isa = PBXProject;
			attributes = {
				LastUpgradeCheck = 0600;
				ORGANIZATIONNAME = "Reaktor Innovations Oy";
				TargetAttributes = {
					E983F1D119E9C76F00219305 = {
						CreatedOnToolsVersion = 6.0.1;
						DevelopmentTeam = JXNJYC9443;
					};
					E983F1E619E9C76F00219305 = {
						CreatedOnToolsVersion = 6.0.1;
						TestTargetID = E983F1D119E9C76F00219305;
					};
				};
			};
			buildConfigurationList = E983F1CD19E9C76F00219305 /* Build configuration list for PBXProject "vCardImport" */;
			compatibilityVersion = "Xcode 3.2";
			developmentRegion = English;
			hasScannedForEncodings = 0;
			knownRegions = (
				en,
				Base,
			);
			mainGroup = E983F1C919E9C76F00219305;
			productRefGroup = E983F1D319E9C76F00219305 /* Products */;
			projectDirPath = "";
			projectRoot = "";
			targets = (
				E983F1D119E9C76F00219305 /* vCardImport */,
				E983F1E619E9C76F00219305 /* vCardImportTests */,
			);
		};
/* End PBXProject section */

/* Begin PBXResourcesBuildPhase section */
		E983F1D019E9C76F00219305 /* Resources */ = {
			isa = PBXResourcesBuildPhase;
			buildActionMask = 2147483647;
			files = (
				E983F1E219E9C76F00219305 /* LaunchScreen.xib in Resources */,
				E9375BC91A0ED1120065A042 /* example-contacts.vcf in Resources */,
				E95E95AF19F43862002D864B /* VCardSourceDetailViewController.xib in Resources */,
				E983F1DF19E9C76F00219305 /* Images.xcassets in Resources */,
			);
			runOnlyForDeploymentPostprocessing = 0;
		};
		E983F1E519E9C76F00219305 /* Resources */ = {
			isa = PBXResourcesBuildPhase;
			buildActionMask = 2147483647;
			files = (
			);
			runOnlyForDeploymentPostprocessing = 0;
		};
/* End PBXResourcesBuildPhase section */

/* Begin PBXSourcesBuildPhase section */
		E983F1CE19E9C76F00219305 /* Sources */ = {
			isa = PBXSourcesBuildPhase;
			buildActionMask = 2147483647;
			files = (
				E97DE1841A0EC80D005FAB7D /* VCardImporter.swift in Sources */,
				E9F31E121A0FD2570015509F /* VCardErrors.swift in Sources */,
				E983F1DA19E9C76F00219305 /* VCardSourcesViewController.swift in Sources */,
				E95E95AD19F4380F002D864B /* VCardSourceDetailViewController.swift in Sources */,
				E983F1D819E9C76F00219305 /* AppDelegate.swift in Sources */,
			);
			runOnlyForDeploymentPostprocessing = 0;
		};
		E983F1E319E9C76F00219305 /* Sources */ = {
			isa = PBXSourcesBuildPhase;
			buildActionMask = 2147483647;
			files = (
				E983F1EE19E9C76F00219305 /* vCardImportTests.swift in Sources */,
			);
			runOnlyForDeploymentPostprocessing = 0;
		};
/* End PBXSourcesBuildPhase section */

/* Begin PBXTargetDependency section */
		E983F1E919E9C76F00219305 /* PBXTargetDependency */ = {
			isa = PBXTargetDependency;
			target = E983F1D119E9C76F00219305 /* vCardImport */;
			targetProxy = E983F1E819E9C76F00219305 /* PBXContainerItemProxy */;
		};
/* End PBXTargetDependency section */

/* Begin PBXVariantGroup section */
		E983F1E019E9C76F00219305 /* LaunchScreen.xib */ = {
			isa = PBXVariantGroup;
			children = (
				E983F1E119E9C76F00219305 /* Base */,
			);
			name = LaunchScreen.xib;
			sourceTree = "<group>";
		};
/* End PBXVariantGroup section */

/* Begin XCBuildConfiguration section */
		E983F1EF19E9C76F00219305 /* Debug */ = {
			isa = XCBuildConfiguration;
			buildSettings = {
				ALWAYS_SEARCH_USER_PATHS = NO;
				CLANG_CXX_LANGUAGE_STANDARD = "gnu++0x";
				CLANG_CXX_LIBRARY = "libc++";
				CLANG_ENABLE_MODULES = YES;
				CLANG_ENABLE_OBJC_ARC = YES;
				CLANG_WARN_BOOL_CONVERSION = YES;
				CLANG_WARN_CONSTANT_CONVERSION = YES;
				CLANG_WARN_DIRECT_OBJC_ISA_USAGE = YES_ERROR;
				CLANG_WARN_EMPTY_BODY = YES;
				CLANG_WARN_ENUM_CONVERSION = YES;
				CLANG_WARN_INT_CONVERSION = YES;
				CLANG_WARN_OBJC_ROOT_CLASS = YES_ERROR;
				CLANG_WARN_UNREACHABLE_CODE = YES;
				CLANG_WARN__DUPLICATE_METHOD_MATCH = YES;
				"CODE_SIGN_IDENTITY[sdk=iphoneos*]" = "iPhone Developer";
				COPY_PHASE_STRIP = NO;
				ENABLE_STRICT_OBJC_MSGSEND = YES;
				GCC_C_LANGUAGE_STANDARD = gnu99;
				GCC_DYNAMIC_NO_PIC = NO;
				GCC_OPTIMIZATION_LEVEL = 0;
				GCC_PREPROCESSOR_DEFINITIONS = (
					"DEBUG=1",
					"$(inherited)",
				);
				GCC_SYMBOLS_PRIVATE_EXTERN = NO;
				GCC_WARN_64_TO_32_BIT_CONVERSION = YES;
				GCC_WARN_ABOUT_RETURN_TYPE = YES_ERROR;
				GCC_WARN_UNDECLARED_SELECTOR = YES;
				GCC_WARN_UNINITIALIZED_AUTOS = YES_AGGRESSIVE;
				GCC_WARN_UNUSED_FUNCTION = YES;
				GCC_WARN_UNUSED_VARIABLE = YES;
				IPHONEOS_DEPLOYMENT_TARGET = 8.0;
				MTL_ENABLE_DEBUG_INFO = YES;
				ONLY_ACTIVE_ARCH = YES;
				SDKROOT = iphoneos;
				SWIFT_OPTIMIZATION_LEVEL = "-Onone";
				TARGETED_DEVICE_FAMILY = "1,2";
			};
			name = Debug;
		};
		E983F1F019E9C76F00219305 /* Release */ = {
			isa = XCBuildConfiguration;
			buildSettings = {
				ALWAYS_SEARCH_USER_PATHS = NO;
				CLANG_CXX_LANGUAGE_STANDARD = "gnu++0x";
				CLANG_CXX_LIBRARY = "libc++";
				CLANG_ENABLE_MODULES = YES;
				CLANG_ENABLE_OBJC_ARC = YES;
				CLANG_WARN_BOOL_CONVERSION = YES;
				CLANG_WARN_CONSTANT_CONVERSION = YES;
				CLANG_WARN_DIRECT_OBJC_ISA_USAGE = YES_ERROR;
				CLANG_WARN_EMPTY_BODY = YES;
				CLANG_WARN_ENUM_CONVERSION = YES;
				CLANG_WARN_INT_CONVERSION = YES;
				CLANG_WARN_OBJC_ROOT_CLASS = YES_ERROR;
				CLANG_WARN_UNREACHABLE_CODE = YES;
				CLANG_WARN__DUPLICATE_METHOD_MATCH = YES;
				"CODE_SIGN_IDENTITY[sdk=iphoneos*]" = "iPhone Developer";
				COPY_PHASE_STRIP = YES;
				ENABLE_NS_ASSERTIONS = NO;
				ENABLE_STRICT_OBJC_MSGSEND = YES;
				GCC_C_LANGUAGE_STANDARD = gnu99;
				GCC_WARN_64_TO_32_BIT_CONVERSION = YES;
				GCC_WARN_ABOUT_RETURN_TYPE = YES_ERROR;
				GCC_WARN_UNDECLARED_SELECTOR = YES;
				GCC_WARN_UNINITIALIZED_AUTOS = YES_AGGRESSIVE;
				GCC_WARN_UNUSED_FUNCTION = YES;
				GCC_WARN_UNUSED_VARIABLE = YES;
				IPHONEOS_DEPLOYMENT_TARGET = 8.0;
				MTL_ENABLE_DEBUG_INFO = NO;
				SDKROOT = iphoneos;
				TARGETED_DEVICE_FAMILY = "1,2";
				VALIDATE_PRODUCT = YES;
			};
			name = Release;
		};
		E983F1F219E9C76F00219305 /* Debug */ = {
			isa = XCBuildConfiguration;
			buildSettings = {
				ASSETCATALOG_COMPILER_APPICON_NAME = AppIcon;
				CODE_SIGN_IDENTITY = "iPhone Developer";
				"CODE_SIGN_IDENTITY[sdk=iphoneos*]" = "iPhone Developer";
				INFOPLIST_FILE = vCardImport/Info.plist;
				LD_RUNPATH_SEARCH_PATHS = "$(inherited) @executable_path/Frameworks";
				PRODUCT_NAME = "$(TARGET_NAME)";
				PROVISIONING_PROFILE = "";
			};
			name = Debug;
		};
		E983F1F319E9C76F00219305 /* Release */ = {
			isa = XCBuildConfiguration;
			buildSettings = {
				ASSETCATALOG_COMPILER_APPICON_NAME = AppIcon;
				CODE_SIGN_IDENTITY = "iPhone Developer";
				"CODE_SIGN_IDENTITY[sdk=iphoneos*]" = "iPhone Developer";
				INFOPLIST_FILE = vCardImport/Info.plist;
				LD_RUNPATH_SEARCH_PATHS = "$(inherited) @executable_path/Frameworks";
				PRODUCT_NAME = "$(TARGET_NAME)";
				PROVISIONING_PROFILE = "";
			};
			name = Release;
		};
		E983F1F519E9C76F00219305 /* Debug */ = {
			isa = XCBuildConfiguration;
			buildSettings = {
				BUNDLE_LOADER = "$(TEST_HOST)";
				FRAMEWORK_SEARCH_PATHS = (
					"$(SDKROOT)/Developer/Library/Frameworks",
					"$(inherited)",
				);
				GCC_PREPROCESSOR_DEFINITIONS = (
					"DEBUG=1",
					"$(inherited)",
				);
				INFOPLIST_FILE = vCardImportTests/Info.plist;
				LD_RUNPATH_SEARCH_PATHS = "$(inherited) @executable_path/Frameworks @loader_path/Frameworks";
				PRODUCT_NAME = "$(TARGET_NAME)";
				TEST_HOST = "$(BUILT_PRODUCTS_DIR)/vCardImport.app/vCardImport";
			};
			name = Debug;
		};
		E983F1F619E9C76F00219305 /* Release */ = {
			isa = XCBuildConfiguration;
			buildSettings = {
				BUNDLE_LOADER = "$(TEST_HOST)";
				FRAMEWORK_SEARCH_PATHS = (
					"$(SDKROOT)/Developer/Library/Frameworks",
					"$(inherited)",
				);
				INFOPLIST_FILE = vCardImportTests/Info.plist;
				LD_RUNPATH_SEARCH_PATHS = "$(inherited) @executable_path/Frameworks @loader_path/Frameworks";
				PRODUCT_NAME = "$(TARGET_NAME)";
				TEST_HOST = "$(BUILT_PRODUCTS_DIR)/vCardImport.app/vCardImport";
			};
			name = Release;
		};
/* End XCBuildConfiguration section */

/* Begin XCConfigurationList section */
		E983F1CD19E9C76F00219305 /* Build configuration list for PBXProject "vCardImport" */ = {
			isa = XCConfigurationList;
			buildConfigurations = (
				E983F1EF19E9C76F00219305 /* Debug */,
				E983F1F019E9C76F00219305 /* Release */,
			);
			defaultConfigurationIsVisible = 0;
			defaultConfigurationName = Release;
		};
		E983F1F119E9C76F00219305 /* Build configuration list for PBXNativeTarget "vCardImport" */ = {
			isa = XCConfigurationList;
			buildConfigurations = (
				E983F1F219E9C76F00219305 /* Debug */,
				E983F1F319E9C76F00219305 /* Release */,
			);
			defaultConfigurationIsVisible = 0;
			defaultConfigurationName = Release;
		};
		E983F1F419E9C76F00219305 /* Build configuration list for PBXNativeTarget "vCardImportTests" */ = {
			isa = XCConfigurationList;
			buildConfigurations = (
				E983F1F519E9C76F00219305 /* Debug */,
				E983F1F619E9C76F00219305 /* Release */,
			);
			defaultConfigurationIsVisible = 0;
			defaultConfigurationName = Release;
		};
/* End XCConfigurationList section */
	};
	rootObject = E983F1CA19E9C76F00219305 /* Project object */;
}
